// !$*UTF8*$!
{
	archiveVersion = 1;
	classes = {
	};
	objectVersion = 51;
	objects = {

/* Begin PBXAggregateTarget section */
		112F1F5B22E01499001706DB /* ElastosHiveSDKFramework */ = {
			isa = PBXAggregateTarget;
			buildConfigurationList = 112F1F5C22E01499001706DB /* Build configuration list for PBXAggregateTarget "ElastosHiveSDKFramework" */;
			buildPhases = (
				112F1F5F22E014A7001706DB /* ShellScript */,
			);
			dependencies = (
			);
			name = ElastosHiveSDKFramework;
			productName = ElastosHiveSDKFramework;
		};
/* End PBXAggregateTarget section */

/* Begin PBXBuildFile section */
		0D94ED2D06BBCAE410D0273C /* Pods_ElastosHiveSDKTests.framework in Frameworks */ = {isa = PBXBuildFile; fileRef = 0DB068EABA0DB13AB595055A /* Pods_ElastosHiveSDKTests.framework */; };
		110357E3256FA3CA003F639F /* FileReader.swift in Sources */ = {isa = PBXBuildFile; fileRef = 110357E2256FA3CA003F639F /* FileReader.swift */; };
		110357E7256FA420003F639F /* FileWriter.swift in Sources */ = {isa = PBXBuildFile; fileRef = 110357E6256FA420003F639F /* FileWriter.swift */; };
		1103756D23FF9689004216D0 /* DataResponse.swift in Sources */ = {isa = PBXBuildFile; fileRef = 1103756C23FF9689004216D0 /* DataResponse.swift */; };
		1103756E23FF9689004216D0 /* DataResponse.swift in Sources */ = {isa = PBXBuildFile; fileRef = 1103756C23FF9689004216D0 /* DataResponse.swift */; };
		1103757023FF96A0004216D0 /* LogLevel.swift in Sources */ = {isa = PBXBuildFile; fileRef = 1103756F23FF96A0004216D0 /* LogLevel.swift */; };
		1103757123FF96A0004216D0 /* LogLevel.swift in Sources */ = {isa = PBXBuildFile; fileRef = 1103756F23FF96A0004216D0 /* LogLevel.swift */; };
		1103757323FF96AB004216D0 /* AuthToken.swift in Sources */ = {isa = PBXBuildFile; fileRef = 1103757223FF96AB004216D0 /* AuthToken.swift */; };
		1103757423FF96AB004216D0 /* AuthToken.swift in Sources */ = {isa = PBXBuildFile; fileRef = 1103757223FF96AB004216D0 /* AuthToken.swift */; };
		1103757623FF96B5004216D0 /* ConnectHelper.swift in Sources */ = {isa = PBXBuildFile; fileRef = 1103757523FF96B5004216D0 /* ConnectHelper.swift */; };
		1103757723FF96B5004216D0 /* ConnectHelper.swift in Sources */ = {isa = PBXBuildFile; fileRef = 1103757523FF96B5004216D0 /* ConnectHelper.swift */; };
		1103757923FF96BF004216D0 /* Log.swift in Sources */ = {isa = PBXBuildFile; fileRef = 1103757823FF96BF004216D0 /* Log.swift */; };
		1103757A23FF96BF004216D0 /* Log.swift in Sources */ = {isa = PBXBuildFile; fileRef = 1103757823FF96BF004216D0 /* Log.swift */; };
		1103757C23FF96C7004216D0 /* Persistent.swift in Sources */ = {isa = PBXBuildFile; fileRef = 1103757B23FF96C7004216D0 /* Persistent.swift */; };
		1103757D23FF96C7004216D0 /* Persistent.swift in Sources */ = {isa = PBXBuildFile; fileRef = 1103757B23FF96C7004216D0 /* Persistent.swift */; };
		1112421C2579E5CC002BFAEB /* OrderState.swift in Sources */ = {isa = PBXBuildFile; fileRef = 111242162579E5CB002BFAEB /* OrderState.swift */; };
		1112421D2579E5CC002BFAEB /* PricingPlan.swift in Sources */ = {isa = PBXBuildFile; fileRef = 111242172579E5CB002BFAEB /* PricingPlan.swift */; };
		1112421E2579E5CC002BFAEB /* Order.swift in Sources */ = {isa = PBXBuildFile; fileRef = 111242182579E5CB002BFAEB /* Order.swift */; };
		1112421F2579E5CC002BFAEB /* PaymentSettings.swift in Sources */ = {isa = PBXBuildFile; fileRef = 111242192579E5CB002BFAEB /* PaymentSettings.swift */; };
		111242202579E5CC002BFAEB /* PricingInfo.swift in Sources */ = {isa = PBXBuildFile; fileRef = 1112421A2579E5CB002BFAEB /* PricingInfo.swift */; };
		111242212579E5CC002BFAEB /* UsingPlan.swift in Sources */ = {isa = PBXBuildFile; fileRef = 1112421B2579E5CB002BFAEB /* UsingPlan.swift */; };
		111BD898256CDAA700746A51 /* Version.swift in Sources */ = {isa = PBXBuildFile; fileRef = 111BD897256CDAA700746A51 /* Version.swift */; };
		111BD89B256CE08600746A51 /* VersionTest.swift in Sources */ = {isa = PBXBuildFile; fileRef = 111BD89A256CE08600746A51 /* VersionTest.swift */; };
		111BD8B1256D011400746A51 /* Payment.swift in Sources */ = {isa = PBXBuildFile; fileRef = 111BD8B0256D011400746A51 /* Payment.swift */; };
		111CA54B252027760030D39C /* TestError.swift in Sources */ = {isa = PBXBuildFile; fileRef = 111CA54A252027760030D39C /* TestError.swift */; };
		111CA6DC252097CB0030D39C /* DummyAdapter.swift in Sources */ = {isa = PBXBuildFile; fileRef = 111CA6D9252097CB0030D39C /* DummyAdapter.swift */; };
		111D477924ED0C1200B7462B /* VaultAuthHelper.swift in Sources */ = {isa = PBXBuildFile; fileRef = 111D477824ED0C1200B7462B /* VaultAuthHelper.swift */; };
		111D477A24ED0C1200B7462B /* VaultAuthHelper.swift in Sources */ = {isa = PBXBuildFile; fileRef = 111D477824ED0C1200B7462B /* VaultAuthHelper.swift */; };
		111D478B24EE810A00B7462B /* VaultURL.swift in Sources */ = {isa = PBXBuildFile; fileRef = 111D478A24EE810A00B7462B /* VaultURL.swift */; };
		111D478C24EE810A00B7462B /* VaultURL.swift in Sources */ = {isa = PBXBuildFile; fileRef = 111D478A24EE810A00B7462B /* VaultURL.swift */; };
		111D478E24F399AC00B7462B /* VaultApi.swift in Sources */ = {isa = PBXBuildFile; fileRef = 111D478D24F399AC00B7462B /* VaultApi.swift */; };
		111D478F24F399AC00B7462B /* VaultApi.swift in Sources */ = {isa = PBXBuildFile; fileRef = 111D478D24F399AC00B7462B /* VaultApi.swift */; };
		111D479324F4E2C300B7462B /* VaultAuthInfoStoreImpl.swift in Sources */ = {isa = PBXBuildFile; fileRef = 111D479224F4E2C300B7462B /* VaultAuthInfoStoreImpl.swift */; };
		111D479424F4E2C300B7462B /* VaultAuthInfoStoreImpl.swift in Sources */ = {isa = PBXBuildFile; fileRef = 111D479224F4E2C300B7462B /* VaultAuthInfoStoreImpl.swift */; };
		111D47CB24F7904100B7462B /* Collation.swift in Sources */ = {isa = PBXBuildFile; fileRef = 111D47CA24F7904100B7462B /* Collation.swift */; };
		111D47CC24F7904100B7462B /* Collation.swift in Sources */ = {isa = PBXBuildFile; fileRef = 111D47CA24F7904100B7462B /* Collation.swift */; };
		111D47CE24F7905100B7462B /* CountOptions.swift in Sources */ = {isa = PBXBuildFile; fileRef = 111D47CD24F7905100B7462B /* CountOptions.swift */; };
		111D47CF24F7905100B7462B /* CountOptions.swift in Sources */ = {isa = PBXBuildFile; fileRef = 111D47CD24F7905100B7462B /* CountOptions.swift */; };
		111D47D124F7906100B7462B /* CreateCollectionOptions.swift in Sources */ = {isa = PBXBuildFile; fileRef = 111D47D024F7906100B7462B /* CreateCollectionOptions.swift */; };
		111D47D224F7906100B7462B /* CreateCollectionOptions.swift in Sources */ = {isa = PBXBuildFile; fileRef = 111D47D024F7906100B7462B /* CreateCollectionOptions.swift */; };
		111D47D424F7906F00B7462B /* DeleteOptions.swift in Sources */ = {isa = PBXBuildFile; fileRef = 111D47D324F7906F00B7462B /* DeleteOptions.swift */; };
		111D47D524F7906F00B7462B /* DeleteOptions.swift in Sources */ = {isa = PBXBuildFile; fileRef = 111D47D324F7906F00B7462B /* DeleteOptions.swift */; };
		111D47DA24F7908D00B7462B /* FindOptions.swift in Sources */ = {isa = PBXBuildFile; fileRef = 111D47D924F7908D00B7462B /* FindOptions.swift */; };
		111D47DB24F7908D00B7462B /* FindOptions.swift in Sources */ = {isa = PBXBuildFile; fileRef = 111D47D924F7908D00B7462B /* FindOptions.swift */; };
		111D47E024F790C700B7462B /* InsertOptions.swift in Sources */ = {isa = PBXBuildFile; fileRef = 111D47DF24F790C700B7462B /* InsertOptions.swift */; };
		111D47E124F790C700B7462B /* InsertOptions.swift in Sources */ = {isa = PBXBuildFile; fileRef = 111D47DF24F790C700B7462B /* InsertOptions.swift */; };
		111D47E324F7910100B7462B /* UpdateOptions.swift in Sources */ = {isa = PBXBuildFile; fileRef = 111D47E224F7910100B7462B /* UpdateOptions.swift */; };
		111D47E424F7910100B7462B /* UpdateOptions.swift in Sources */ = {isa = PBXBuildFile; fileRef = 111D47E224F7910100B7462B /* UpdateOptions.swift */; };
		111D47E624F7927D00B7462B /* InsertManyResult.swift in Sources */ = {isa = PBXBuildFile; fileRef = 111D47E524F7927D00B7462B /* InsertManyResult.swift */; };
		111D47E724F7927D00B7462B /* InsertManyResult.swift in Sources */ = {isa = PBXBuildFile; fileRef = 111D47E524F7927D00B7462B /* InsertManyResult.swift */; };
		111D47E924F7940600B7462B /* UpdateResult.swift in Sources */ = {isa = PBXBuildFile; fileRef = 111D47E824F7940600B7462B /* UpdateResult.swift */; };
		111D47EA24F7940600B7462B /* UpdateResult.swift in Sources */ = {isa = PBXBuildFile; fileRef = 111D47E824F7940600B7462B /* UpdateResult.swift */; };
		111D47EC24F794A500B7462B /* DeleteResult.swift in Sources */ = {isa = PBXBuildFile; fileRef = 111D47EB24F794A500B7462B /* DeleteResult.swift */; };
		111D47ED24F794A500B7462B /* DeleteResult.swift in Sources */ = {isa = PBXBuildFile; fileRef = 111D47EB24F794A500B7462B /* DeleteResult.swift */; };
		111D47F024F7A18900B7462B /* FileInfo.swift in Sources */ = {isa = PBXBuildFile; fileRef = 111D47EF24F7A18900B7462B /* FileInfo.swift */; };
		111D47F124F7A18900B7462B /* FileInfo.swift in Sources */ = {isa = PBXBuildFile; fileRef = 111D47EF24F7A18900B7462B /* FileInfo.swift */; };
		111D47F424F7A30300B7462B /* Executable.swift in Sources */ = {isa = PBXBuildFile; fileRef = 111D47F324F7A30300B7462B /* Executable.swift */; };
		111D47F524F7A30300B7462B /* Executable.swift in Sources */ = {isa = PBXBuildFile; fileRef = 111D47F324F7A30300B7462B /* Executable.swift */; };
		111D47FA24F7A79800B7462B /* Condition.swift in Sources */ = {isa = PBXBuildFile; fileRef = 111D47F924F7A79800B7462B /* Condition.swift */; };
		111D47FB24F7A79800B7462B /* Condition.swift in Sources */ = {isa = PBXBuildFile; fileRef = 111D47F924F7A79800B7462B /* Condition.swift */; };
		111D47FD24F8B63C00B7462B /* Options.swift in Sources */ = {isa = PBXBuildFile; fileRef = 111D47FC24F8B63C00B7462B /* Options.swift */; };
		111D47FE24F8B63C00B7462B /* Options.swift in Sources */ = {isa = PBXBuildFile; fileRef = 111D47FC24F8B63C00B7462B /* Options.swift */; };
		1127462D24FE3343007D6356 /* DatabaseClient.swift in Sources */ = {isa = PBXBuildFile; fileRef = 1127462C24FE3343007D6356 /* DatabaseClient.swift */; };
		1127462E24FE3343007D6356 /* DatabaseClient.swift in Sources */ = {isa = PBXBuildFile; fileRef = 1127462C24FE3343007D6356 /* DatabaseClient.swift */; };
		1127463024FE3369007D6356 /* FileClient.swift in Sources */ = {isa = PBXBuildFile; fileRef = 1127462F24FE3369007D6356 /* FileClient.swift */; };
		1127463124FE3369007D6356 /* FileClient.swift in Sources */ = {isa = PBXBuildFile; fileRef = 1127462F24FE3369007D6356 /* FileClient.swift */; };
		1127463324FE3386007D6356 /* ScriptClient.swift in Sources */ = {isa = PBXBuildFile; fileRef = 1127463224FE3386007D6356 /* ScriptClient.swift */; };
		1127463424FE3386007D6356 /* ScriptClient.swift in Sources */ = {isa = PBXBuildFile; fileRef = 1127463224FE3386007D6356 /* ScriptClient.swift */; };
		1129C19424052CC500CD77F2 /* Alamofire+Synchronous.swift in Sources */ = {isa = PBXBuildFile; fileRef = 1129C19324052CC500CD77F2 /* Alamofire+Synchronous.swift */; };
		1129C19524052CC500CD77F2 /* Alamofire+Synchronous.swift in Sources */ = {isa = PBXBuildFile; fileRef = 1129C19324052CC500CD77F2 /* Alamofire+Synchronous.swift */; };
		112C4DA7256C0B4A006ECB8E /* VaultHelper.swift in Sources */ = {isa = PBXBuildFile; fileRef = 112C4DA6256C0B4A006ECB8E /* VaultHelper.swift */; };
		1137942E227ED9AD004A1F65 /* ElastosHiveSDK.framework in Frameworks */ = {isa = PBXBuildFile; fileRef = A39C496F225399860027BDF9 /* ElastosHiveSDK.framework */; };
		11474817255E156C00D158B7 /* DApp.swift in Sources */ = {isa = PBXBuildFile; fileRef = 11474816255E156B00D158B7 /* DApp.swift */; };
		11474828255E1C7100D158B7 /* Entity.swift in Sources */ = {isa = PBXBuildFile; fileRef = 11474827255E1C7100D158B7 /* Entity.swift */; };
		1147482E255E27F200D158B7 /* DIDApp.swift in Sources */ = {isa = PBXBuildFile; fileRef = 1147482D255E27F200D158B7 /* DIDApp.swift */; };
		11474832255E291D00D158B7 /* PresentationInJWT.swift in Sources */ = {isa = PBXBuildFile; fileRef = 11474831255E291D00D158B7 /* PresentationInJWT.swift */; };
		1147720923F678BD00C7C36F /* SwiftyJSON.swift in Sources */ = {isa = PBXBuildFile; fileRef = 1147720823F678BD00C7C36F /* SwiftyJSON.swift */; };
		1147720A23F678BD00C7C36F /* SwiftyJSON.swift in Sources */ = {isa = PBXBuildFile; fileRef = 1147720823F678BD00C7C36F /* SwiftyJSON.swift */; };
		11496C65251B1E37002DE4F0 /* Date.swift in Sources */ = {isa = PBXBuildFile; fileRef = 11496C64251B1E37002DE4F0 /* Date.swift */; };
		11496C66251B1E37002DE4F0 /* Date.swift in Sources */ = {isa = PBXBuildFile; fileRef = 11496C64251B1E37002DE4F0 /* Date.swift */; };
		114E612D2510DD24003673FF /* test.txt in Resources */ = {isa = PBXBuildFile; fileRef = 114E612C2510DD23003673FF /* test.txt */; };
		114FD8402297CF7700467E38 /* Authenticator.swift in Sources */ = {isa = PBXBuildFile; fileRef = 114FD83F2297CF7600467E38 /* Authenticator.swift */; };
		1154C309255E36D500FE1E53 /* UserFactory.swift in Sources */ = {isa = PBXBuildFile; fileRef = 1154C308255E36D500FE1E53 /* UserFactory.swift */; };
		115E82E7251A4495004DCB1E /* MinKey.swift in Sources */ = {isa = PBXBuildFile; fileRef = 115E82E6251A4495004DCB1E /* MinKey.swift */; };
		115E82E8251A4495004DCB1E /* MinKey.swift in Sources */ = {isa = PBXBuildFile; fileRef = 115E82E6251A4495004DCB1E /* MinKey.swift */; };
		115E82EA251A44AA004DCB1E /* MaxKey.swift in Sources */ = {isa = PBXBuildFile; fileRef = 115E82E9251A44AA004DCB1E /* MaxKey.swift */; };
		115E82EB251A44AA004DCB1E /* MaxKey.swift in Sources */ = {isa = PBXBuildFile; fileRef = 115E82E9251A44AA004DCB1E /* MaxKey.swift */; };
		115E82ED251A44BC004DCB1E /* ObjectId.swift in Sources */ = {isa = PBXBuildFile; fileRef = 115E82EC251A44BC004DCB1E /* ObjectId.swift */; };
		115E82EE251A44BC004DCB1E /* ObjectId.swift in Sources */ = {isa = PBXBuildFile; fileRef = 115E82EC251A44BC004DCB1E /* ObjectId.swift */; };
		115E82F0251A4553004DCB1E /* RegularExpression.swift in Sources */ = {isa = PBXBuildFile; fileRef = 115E82EF251A4553004DCB1E /* RegularExpression.swift */; };
		115E82F1251A4553004DCB1E /* RegularExpression.swift in Sources */ = {isa = PBXBuildFile; fileRef = 115E82EF251A4553004DCB1E /* RegularExpression.swift */; };
		115E82F3251A4590004DCB1E /* Timestamp.swift in Sources */ = {isa = PBXBuildFile; fileRef = 115E82F2251A4590004DCB1E /* Timestamp.swift */; };
		115E82F4251A4590004DCB1E /* Timestamp.swift in Sources */ = {isa = PBXBuildFile; fileRef = 115E82F2251A4590004DCB1E /* Timestamp.swift */; };
		1163D8E4256D667800F3DC98 /* PaymentTest.swift in Sources */ = {isa = PBXBuildFile; fileRef = 1163D8E3256D667800F3DC98 /* PaymentTest.swift */; };
		1170FB052501CB3F0049E81D /* WriteConcern.swift in Sources */ = {isa = PBXBuildFile; fileRef = 1170FB042501CB3F0049E81D /* WriteConcern.swift */; };
		1170FB062501CB3F0049E81D /* WriteConcern.swift in Sources */ = {isa = PBXBuildFile; fileRef = 1170FB042501CB3F0049E81D /* WriteConcern.swift */; };
		1170FB082501CCD30049E81D /* ReadConcern.swift in Sources */ = {isa = PBXBuildFile; fileRef = 1170FB072501CCD30049E81D /* ReadConcern.swift */; };
		1170FB092501CCD30049E81D /* ReadConcern.swift in Sources */ = {isa = PBXBuildFile; fileRef = 1170FB072501CCD30049E81D /* ReadConcern.swift */; };
		1170FB0B2501CD2F0049E81D /* ReadPreference.swift in Sources */ = {isa = PBXBuildFile; fileRef = 1170FB0A2501CD2F0049E81D /* ReadPreference.swift */; };
		1170FB0C2501CD2F0049E81D /* ReadPreference.swift in Sources */ = {isa = PBXBuildFile; fileRef = 1170FB0A2501CD2F0049E81D /* ReadPreference.swift */; };
		1170FB0E2501CEF70049E81D /* VaultIndex.swift in Sources */ = {isa = PBXBuildFile; fileRef = 1170FB0D2501CEF70049E81D /* VaultIndex.swift */; };
		1170FB0F2501CEF70049E81D /* VaultIndex.swift in Sources */ = {isa = PBXBuildFile; fileRef = 1170FB0D2501CEF70049E81D /* VaultIndex.swift */; };
		1170FB112501D21C0049E81D /* Result.swift in Sources */ = {isa = PBXBuildFile; fileRef = 1170FB102501D21C0049E81D /* Result.swift */; };
		1170FB122501D21C0049E81D /* Result.swift in Sources */ = {isa = PBXBuildFile; fileRef = 1170FB102501D21C0049E81D /* Result.swift */; };
		1170FB142502019C0049E81D /* Vault.swift in Sources */ = {isa = PBXBuildFile; fileRef = 1170FB132502019C0049E81D /* Vault.swift */; };
		1170FB152502019C0049E81D /* Vault.swift in Sources */ = {isa = PBXBuildFile; fileRef = 1170FB132502019C0049E81D /* Vault.swift */; };
		1170FB1A250507C70049E81D /* DBTest.swift in Sources */ = {isa = PBXBuildFile; fileRef = 1170FB19250507C70049E81D /* DBTest.swift */; };
		1170FB9F25073D360049E81D /* ijUnD4KeRpeBUFmcEDCbhxMTJRzUYCQCZM in Resources */ = {isa = PBXBuildFile; fileRef = 1170FB9E25073D360049E81D /* ijUnD4KeRpeBUFmcEDCbhxMTJRzUYCQCZM */; };
		1170FBA12508D35A0049E81D /* Header.swift in Sources */ = {isa = PBXBuildFile; fileRef = 1170FBA02508D35A0049E81D /* Header.swift */; };
		1170FBA22508D35B0049E81D /* Header.swift in Sources */ = {isa = PBXBuildFile; fileRef = 1170FBA02508D35A0049E81D /* Header.swift */; };
		11749D9F24082FB1007B8F32 /* OutputStream.swift in Sources */ = {isa = PBXBuildFile; fileRef = 11749D9E24082FB1007B8F32 /* OutputStream.swift */; };
		11749DA024082FB1007B8F32 /* OutputStream.swift in Sources */ = {isa = PBXBuildFile; fileRef = 11749D9E24082FB1007B8F32 /* OutputStream.swift */; };
		118F2D83250F1A7200447A0A /* ScriptTest.swift in Sources */ = {isa = PBXBuildFile; fileRef = 118F2D82250F1A7200447A0A /* ScriptTest.swift */; };
		118F2D85250F1ABA00447A0A /* Constance.swift in Sources */ = {isa = PBXBuildFile; fileRef = 118F2D84250F1ABA00447A0A /* Constance.swift */; };
		118F2D87250F23EB00447A0A /* AggregatedCondition.swift in Sources */ = {isa = PBXBuildFile; fileRef = 118F2D86250F23EB00447A0A /* AggregatedCondition.swift */; };
		118F2D88250F23EB00447A0A /* AggregatedCondition.swift in Sources */ = {isa = PBXBuildFile; fileRef = 118F2D86250F23EB00447A0A /* AggregatedCondition.swift */; };
		118F2D8A250F264900447A0A /* AggregatedExecutable.swift in Sources */ = {isa = PBXBuildFile; fileRef = 118F2D89250F264900447A0A /* AggregatedExecutable.swift */; };
		118F2D8B250F264900447A0A /* AggregatedExecutable.swift in Sources */ = {isa = PBXBuildFile; fileRef = 118F2D89250F264900447A0A /* AggregatedExecutable.swift */; };
		118F2D8D250F28BA00447A0A /* RawExecutable.swift in Sources */ = {isa = PBXBuildFile; fileRef = 118F2D8C250F28BA00447A0A /* RawExecutable.swift */; };
		118F2D8E250F28BA00447A0A /* RawExecutable.swift in Sources */ = {isa = PBXBuildFile; fileRef = 118F2D8C250F28BA00447A0A /* RawExecutable.swift */; };
		118F2D90250F29C400447A0A /* AndCondition.swift in Sources */ = {isa = PBXBuildFile; fileRef = 118F2D8F250F29C400447A0A /* AndCondition.swift */; };
		118F2D91250F29C400447A0A /* AndCondition.swift in Sources */ = {isa = PBXBuildFile; fileRef = 118F2D8F250F29C400447A0A /* AndCondition.swift */; };
		118F2D93250F2A8600447A0A /* DbDeleteQuery.swift in Sources */ = {isa = PBXBuildFile; fileRef = 118F2D92250F2A8600447A0A /* DbDeleteQuery.swift */; };
		118F2D94250F2A8600447A0A /* DbDeleteQuery.swift in Sources */ = {isa = PBXBuildFile; fileRef = 118F2D92250F2A8600447A0A /* DbDeleteQuery.swift */; };
		118F2D96250F2C3500447A0A /* DbFindQuery.swift in Sources */ = {isa = PBXBuildFile; fileRef = 118F2D95250F2C3500447A0A /* DbFindQuery.swift */; };
		118F2D97250F2C3500447A0A /* DbFindQuery.swift in Sources */ = {isa = PBXBuildFile; fileRef = 118F2D95250F2C3500447A0A /* DbFindQuery.swift */; };
		118F2D99250F2CF400447A0A /* DbInsertQuery.swift in Sources */ = {isa = PBXBuildFile; fileRef = 118F2D98250F2CF400447A0A /* DbInsertQuery.swift */; };
		118F2D9A250F2CF400447A0A /* DbInsertQuery.swift in Sources */ = {isa = PBXBuildFile; fileRef = 118F2D98250F2CF400447A0A /* DbInsertQuery.swift */; };
		118F2D9C250F31A700447A0A /* DbUpdateQuery.swift in Sources */ = {isa = PBXBuildFile; fileRef = 118F2D9B250F31A700447A0A /* DbUpdateQuery.swift */; };
		118F2D9D250F31A700447A0A /* DbUpdateQuery.swift in Sources */ = {isa = PBXBuildFile; fileRef = 118F2D9B250F31A700447A0A /* DbUpdateQuery.swift */; };
		118F2D9F250F32B100447A0A /* OrCondition.swift in Sources */ = {isa = PBXBuildFile; fileRef = 118F2D9E250F32B100447A0A /* OrCondition.swift */; };
		118F2DA0250F32B100447A0A /* OrCondition.swift in Sources */ = {isa = PBXBuildFile; fileRef = 118F2D9E250F32B100447A0A /* OrCondition.swift */; };
		118F2DA2250F332700447A0A /* QueryHasResultsCondition.swift in Sources */ = {isa = PBXBuildFile; fileRef = 118F2DA1250F332700447A0A /* QueryHasResultsCondition.swift */; };
		118F2DA3250F332700447A0A /* QueryHasResultsCondition.swift in Sources */ = {isa = PBXBuildFile; fileRef = 118F2DA1250F332700447A0A /* QueryHasResultsCondition.swift */; };
		118F2DA5250F33AB00447A0A /* RawCondition.swift in Sources */ = {isa = PBXBuildFile; fileRef = 118F2DA4250F33AB00447A0A /* RawCondition.swift */; };
		118F2DA6250F33AB00447A0A /* RawCondition.swift in Sources */ = {isa = PBXBuildFile; fileRef = 118F2DA4250F33AB00447A0A /* RawCondition.swift */; };
		118F2DAD25105C3700447A0A /* FileTest.swift in Sources */ = {isa = PBXBuildFile; fileRef = 118F2DAC25105C3700447A0A /* FileTest.swift */; };
		119B26B625762C610084B859 /* CallConfig.swift in Sources */ = {isa = PBXBuildFile; fileRef = 119B26B525762C610084B859 /* CallConfig.swift */; };
		119B26B9257630590084B859 /* UploadCallConfig.swift in Sources */ = {isa = PBXBuildFile; fileRef = 119B26B8257630590084B859 /* UploadCallConfig.swift */; };
		119B26BC257630770084B859 /* DownloadCallConfig.swift in Sources */ = {isa = PBXBuildFile; fileRef = 119B26BB257630770084B859 /* DownloadCallConfig.swift */; };
		119B26BF2576308F0084B859 /* GeneralCallConfig.swift in Sources */ = {isa = PBXBuildFile; fileRef = 119B26BE2576308F0084B859 /* GeneralCallConfig.swift */; };
		119B26C3257735FA0084B859 /* HiveError.swift in Sources */ = {isa = PBXBuildFile; fileRef = 119B26C2257735FA0084B859 /* HiveError.swift */; };
		119B29812578EBD90084B859 /* ElastosDIDSDK.framework in Frameworks */ = {isa = PBXBuildFile; fileRef = 119B29802578EBD90084B859 /* ElastosDIDSDK.framework */; };
		119B29B02578EE9C0084B859 /* ElastosDIDSDK.framework in CopyFiles */ = {isa = PBXBuildFile; fileRef = 119B29802578EBD90084B859 /* ElastosDIDSDK.framework */; settings = {ATTRIBUTES = (CodeSignOnCopy, RemoveHeadersOnCopy, ); }; };
		11C9EAE5254A637500080995 /* InsertOneResult.swift in Sources */ = {isa = PBXBuildFile; fileRef = 11C9EAE4254A637500080995 /* InsertOneResult.swift */; };
		11D26F4022CA3B3300E4099A /* ElastosHiveSDK_macOS.h in Headers */ = {isa = PBXBuildFile; fileRef = 11D26F3E22CA3B3300E4099A /* ElastosHiveSDK_macOS.h */; settings = {ATTRIBUTES = (Public, ); }; };
		11D26F4422CA3B4B00E4099A /* Dictionary.swift in Sources */ = {isa = PBXBuildFile; fileRef = 11E573FA22C4C33400F85419 /* Dictionary.swift */; };
		11D26F4522CA3B4B00E4099A /* String.swift in Sources */ = {isa = PBXBuildFile; fileRef = 11E573FB22C4C33400F85419 /* String.swift */; };
		11D26F7222CA3B8800E4099A /* Authenticator.swift in Sources */ = {isa = PBXBuildFile; fileRef = 114FD83F2297CF7600467E38 /* Authenticator.swift */; };
		11D26F7722CA3B8800E4099A /* HiveClient.swift in Sources */ = {isa = PBXBuildFile; fileRef = A3FD3C80228000EE0031413A /* HiveClient.swift */; };
		11E3C24D25709282000175F1 /* DatabaseProtocol.swift in Sources */ = {isa = PBXBuildFile; fileRef = 11E3C24B25709282000175F1 /* DatabaseProtocol.swift */; };
		11E3C24E25709282000175F1 /* ScriptingProtocol.swift in Sources */ = {isa = PBXBuildFile; fileRef = 11E3C24C25709282000175F1 /* ScriptingProtocol.swift */; };
		11E3C251257092B9000175F1 /* PaymentProtocol.swift in Sources */ = {isa = PBXBuildFile; fileRef = 11E3C250257092B9000175F1 /* PaymentProtocol.swift */; };
		11E573FE22C4C33400F85419 /* Dictionary.swift in Sources */ = {isa = PBXBuildFile; fileRef = 11E573FA22C4C33400F85419 /* Dictionary.swift */; };
		11E573FF22C4C33400F85419 /* String.swift in Sources */ = {isa = PBXBuildFile; fileRef = 11E573FB22C4C33400F85419 /* String.swift */; };
		11E92CE12560D8B2007EFC95 /* FileExecutable.swift in Sources */ = {isa = PBXBuildFile; fileRef = 11E92CE02560D8B2007EFC95 /* FileExecutable.swift */; };
		11E92CE52560DFF5007EFC95 /* UploadExecutable.swift in Sources */ = {isa = PBXBuildFile; fileRef = 11E92CE42560DFF5007EFC95 /* UploadExecutable.swift */; };
		11E92CE92560E1D4007EFC95 /* PropertiesExecutable.swift in Sources */ = {isa = PBXBuildFile; fileRef = 11E92CE82560E1D4007EFC95 /* PropertiesExecutable.swift */; };
		11E92CED2560E228007EFC95 /* HashExecutable.swift in Sources */ = {isa = PBXBuildFile; fileRef = 11E92CEC2560E228007EFC95 /* HashExecutable.swift */; };
		11ED682A22FF1078004C17D0 /* ElastosHiveSDK.swift in Sources */ = {isa = PBXBuildFile; fileRef = 11ED682922FF1077004C17D0 /* ElastosHiveSDK.swift */; };
		11ED682B22FF1078004C17D0 /* ElastosHiveSDK.swift in Sources */ = {isa = PBXBuildFile; fileRef = 11ED682922FF1077004C17D0 /* ElastosHiveSDK.swift */; };
		11FD496D2561AC9B00A108D2 /* DownloadExecutable.swift in Sources */ = {isa = PBXBuildFile; fileRef = 11FD496C2561AC9B00A108D2 /* DownloadExecutable.swift */; };
		6DDA50FA35E7A18E5EF0C90E /* Pods_ElastosHiveSDK.framework in Frameworks */ = {isa = PBXBuildFile; fileRef = D17AD36AC88E073FD2B2D930 /* Pods_ElastosHiveSDK.framework */; };
		A37F893D23C72B2600F6C11E /* HiveClientOptions.swift in Sources */ = {isa = PBXBuildFile; fileRef = A37F893C23C72B2600F6C11E /* HiveClientOptions.swift */; };
		A39C4980225399860027BDF9 /* ElastosHiveSDK.h in Headers */ = {isa = PBXBuildFile; fileRef = A39C4972225399860027BDF9 /* ElastosHiveSDK.h */; settings = {ATTRIBUTES = (Public, ); }; };
		A3D9D41323C9671C003B602E /* FilesProtocol.swift in Sources */ = {isa = PBXBuildFile; fileRef = A3D9D41023C9671C003B602E /* FilesProtocol.swift */; };
		A3D9D41623C96DA1003B602E /* KeyValuesProtocol.swift in Sources */ = {isa = PBXBuildFile; fileRef = A3D9D41523C96DA1003B602E /* KeyValuesProtocol.swift */; };
		A3E13E85240E449A002569B1 /* FilesProtocol.swift in Sources */ = {isa = PBXBuildFile; fileRef = A3D9D41023C9671C003B602E /* FilesProtocol.swift */; };
		A3E13E87240E449A002569B1 /* KeyValuesProtocol.swift in Sources */ = {isa = PBXBuildFile; fileRef = A3D9D41523C96DA1003B602E /* KeyValuesProtocol.swift */; };
		A3E13E90240E45EE002569B1 /* HiveClientOptions.swift in Sources */ = {isa = PBXBuildFile; fileRef = A37F893C23C72B2600F6C11E /* HiveClientOptions.swift */; };
		A3FD3C81228000EE0031413A /* HiveClient.swift in Sources */ = {isa = PBXBuildFile; fileRef = A3FD3C80228000EE0031413A /* HiveClient.swift */; };
/* End PBXBuildFile section */

/* Begin PBXContainerItemProxy section */
		1137942F227ED9AD004A1F65 /* PBXContainerItemProxy */ = {
			isa = PBXContainerItemProxy;
			containerPortal = A39C4966225399860027BDF9 /* Project object */;
			proxyType = 1;
			remoteGlobalIDString = A39C496E225399860027BDF9;
			remoteInfo = ElastosHiveSDK;
		};
/* End PBXContainerItemProxy section */

/* Begin PBXCopyFilesBuildPhase section */
		111CA4FA251C849F0030D39C /* Embed Frameworks */ = {
			isa = PBXCopyFilesBuildPhase;
			buildActionMask = 2147483647;
			dstPath = "";
			dstSubfolderSpec = 10;
			files = (
			);
			name = "Embed Frameworks";
			runOnlyForDeploymentPostprocessing = 0;
		};
		118E27BA2566C85A004EECF1 /* CopyFiles */ = {
			isa = PBXCopyFilesBuildPhase;
			buildActionMask = 2147483647;
			dstPath = "";
			dstSubfolderSpec = 10;
			files = (
			);
			runOnlyForDeploymentPostprocessing = 0;
		};
		11D145532530159B000E627A /* CopyFiles */ = {
			isa = PBXCopyFilesBuildPhase;
			buildActionMask = 2147483647;
			dstPath = "";
			dstSubfolderSpec = 10;
			files = (
				119B29B02578EE9C0084B859 /* ElastosDIDSDK.framework in CopyFiles */,
			);
			runOnlyForDeploymentPostprocessing = 0;
		};
/* End PBXCopyFilesBuildPhase section */

/* Begin PBXFileReference section */
		0DB068EABA0DB13AB595055A /* Pods_ElastosHiveSDKTests.framework */ = {isa = PBXFileReference; explicitFileType = wrapper.framework; includeInIndex = 0; path = Pods_ElastosHiveSDKTests.framework; sourceTree = BUILT_PRODUCTS_DIR; };
		110357E2256FA3CA003F639F /* FileReader.swift */ = {isa = PBXFileReference; lastKnownFileType = sourcecode.swift; path = FileReader.swift; sourceTree = "<group>"; };
		110357E6256FA420003F639F /* FileWriter.swift */ = {isa = PBXFileReference; lastKnownFileType = sourcecode.swift; path = FileWriter.swift; sourceTree = "<group>"; };
		1103756C23FF9689004216D0 /* DataResponse.swift */ = {isa = PBXFileReference; fileEncoding = 4; lastKnownFileType = sourcecode.swift; name = DataResponse.swift; path = Result/DataResponse.swift; sourceTree = "<group>"; };
		1103756F23FF96A0004216D0 /* LogLevel.swift */ = {isa = PBXFileReference; fileEncoding = 4; lastKnownFileType = sourcecode.swift; path = LogLevel.swift; sourceTree = "<group>"; };
		1103757223FF96AB004216D0 /* AuthToken.swift */ = {isa = PBXFileReference; fileEncoding = 4; lastKnownFileType = sourcecode.swift; path = AuthToken.swift; sourceTree = "<group>"; };
		1103757523FF96B5004216D0 /* ConnectHelper.swift */ = {isa = PBXFileReference; fileEncoding = 4; lastKnownFileType = sourcecode.swift; path = ConnectHelper.swift; sourceTree = "<group>"; };
		1103757823FF96BF004216D0 /* Log.swift */ = {isa = PBXFileReference; fileEncoding = 4; lastKnownFileType = sourcecode.swift; path = Log.swift; sourceTree = "<group>"; };
		1103757B23FF96C7004216D0 /* Persistent.swift */ = {isa = PBXFileReference; fileEncoding = 4; lastKnownFileType = sourcecode.swift; path = Persistent.swift; sourceTree = "<group>"; };
		111242162579E5CB002BFAEB /* OrderState.swift */ = {isa = PBXFileReference; fileEncoding = 4; lastKnownFileType = sourcecode.swift; path = OrderState.swift; sourceTree = "<group>"; };
		111242172579E5CB002BFAEB /* PricingPlan.swift */ = {isa = PBXFileReference; fileEncoding = 4; lastKnownFileType = sourcecode.swift; path = PricingPlan.swift; sourceTree = "<group>"; };
		111242182579E5CB002BFAEB /* Order.swift */ = {isa = PBXFileReference; fileEncoding = 4; lastKnownFileType = sourcecode.swift; path = Order.swift; sourceTree = "<group>"; };
		111242192579E5CB002BFAEB /* PaymentSettings.swift */ = {isa = PBXFileReference; fileEncoding = 4; lastKnownFileType = sourcecode.swift; path = PaymentSettings.swift; sourceTree = "<group>"; };
		1112421A2579E5CB002BFAEB /* PricingInfo.swift */ = {isa = PBXFileReference; fileEncoding = 4; lastKnownFileType = sourcecode.swift; path = PricingInfo.swift; sourceTree = "<group>"; };
		1112421B2579E5CB002BFAEB /* UsingPlan.swift */ = {isa = PBXFileReference; fileEncoding = 4; lastKnownFileType = sourcecode.swift; path = UsingPlan.swift; sourceTree = "<group>"; };
		111BD897256CDAA700746A51 /* Version.swift */ = {isa = PBXFileReference; lastKnownFileType = sourcecode.swift; path = Version.swift; sourceTree = "<group>"; };
		111BD89A256CE08600746A51 /* VersionTest.swift */ = {isa = PBXFileReference; lastKnownFileType = sourcecode.swift; path = VersionTest.swift; sourceTree = "<group>"; };
		111BD8B0256D011400746A51 /* Payment.swift */ = {isa = PBXFileReference; lastKnownFileType = sourcecode.swift; path = Payment.swift; sourceTree = "<group>"; };
		111CA54A252027760030D39C /* TestError.swift */ = {isa = PBXFileReference; fileEncoding = 4; lastKnownFileType = sourcecode.swift; path = TestError.swift; sourceTree = "<group>"; };
		111CA6D9252097CB0030D39C /* DummyAdapter.swift */ = {isa = PBXFileReference; fileEncoding = 4; lastKnownFileType = sourcecode.swift; path = DummyAdapter.swift; sourceTree = "<group>"; };
		111D477824ED0C1200B7462B /* VaultAuthHelper.swift */ = {isa = PBXFileReference; lastKnownFileType = sourcecode.swift; path = VaultAuthHelper.swift; sourceTree = "<group>"; };
		111D478A24EE810A00B7462B /* VaultURL.swift */ = {isa = PBXFileReference; lastKnownFileType = sourcecode.swift; path = VaultURL.swift; sourceTree = "<group>"; };
		111D478D24F399AC00B7462B /* VaultApi.swift */ = {isa = PBXFileReference; lastKnownFileType = sourcecode.swift; path = VaultApi.swift; sourceTree = "<group>"; };
		111D479224F4E2C300B7462B /* VaultAuthInfoStoreImpl.swift */ = {isa = PBXFileReference; lastKnownFileType = sourcecode.swift; path = VaultAuthInfoStoreImpl.swift; sourceTree = "<group>"; };
		111D47CA24F7904100B7462B /* Collation.swift */ = {isa = PBXFileReference; lastKnownFileType = sourcecode.swift; path = Collation.swift; sourceTree = "<group>"; };
		111D47CD24F7905100B7462B /* CountOptions.swift */ = {isa = PBXFileReference; lastKnownFileType = sourcecode.swift; path = CountOptions.swift; sourceTree = "<group>"; };
		111D47D024F7906100B7462B /* CreateCollectionOptions.swift */ = {isa = PBXFileReference; lastKnownFileType = sourcecode.swift; path = CreateCollectionOptions.swift; sourceTree = "<group>"; };
		111D47D324F7906F00B7462B /* DeleteOptions.swift */ = {isa = PBXFileReference; lastKnownFileType = sourcecode.swift; path = DeleteOptions.swift; sourceTree = "<group>"; };
		111D47D924F7908D00B7462B /* FindOptions.swift */ = {isa = PBXFileReference; lastKnownFileType = sourcecode.swift; path = FindOptions.swift; sourceTree = "<group>"; };
		111D47DF24F790C700B7462B /* InsertOptions.swift */ = {isa = PBXFileReference; lastKnownFileType = sourcecode.swift; path = InsertOptions.swift; sourceTree = "<group>"; };
		111D47E224F7910100B7462B /* UpdateOptions.swift */ = {isa = PBXFileReference; lastKnownFileType = sourcecode.swift; path = UpdateOptions.swift; sourceTree = "<group>"; };
		111D47E524F7927D00B7462B /* InsertManyResult.swift */ = {isa = PBXFileReference; lastKnownFileType = sourcecode.swift; path = InsertManyResult.swift; sourceTree = "<group>"; };
		111D47E824F7940600B7462B /* UpdateResult.swift */ = {isa = PBXFileReference; lastKnownFileType = sourcecode.swift; path = UpdateResult.swift; sourceTree = "<group>"; };
		111D47EB24F794A500B7462B /* DeleteResult.swift */ = {isa = PBXFileReference; lastKnownFileType = sourcecode.swift; path = DeleteResult.swift; sourceTree = "<group>"; };
		111D47EF24F7A18900B7462B /* FileInfo.swift */ = {isa = PBXFileReference; lastKnownFileType = sourcecode.swift; path = FileInfo.swift; sourceTree = "<group>"; };
		111D47F324F7A30300B7462B /* Executable.swift */ = {isa = PBXFileReference; lastKnownFileType = sourcecode.swift; path = Executable.swift; sourceTree = "<group>"; };
		111D47F924F7A79800B7462B /* Condition.swift */ = {isa = PBXFileReference; lastKnownFileType = sourcecode.swift; path = Condition.swift; sourceTree = "<group>"; };
		111D47FC24F8B63C00B7462B /* Options.swift */ = {isa = PBXFileReference; lastKnownFileType = sourcecode.swift; path = Options.swift; sourceTree = "<group>"; };
		1127462C24FE3343007D6356 /* DatabaseClient.swift */ = {isa = PBXFileReference; lastKnownFileType = sourcecode.swift; path = DatabaseClient.swift; sourceTree = "<group>"; };
		1127462F24FE3369007D6356 /* FileClient.swift */ = {isa = PBXFileReference; lastKnownFileType = sourcecode.swift; path = FileClient.swift; sourceTree = "<group>"; };
		1127463224FE3386007D6356 /* ScriptClient.swift */ = {isa = PBXFileReference; lastKnownFileType = sourcecode.swift; path = ScriptClient.swift; sourceTree = "<group>"; };
		1129C19324052CC500CD77F2 /* Alamofire+Synchronous.swift */ = {isa = PBXFileReference; fileEncoding = 4; lastKnownFileType = sourcecode.swift; path = "Alamofire+Synchronous.swift"; sourceTree = "<group>"; };
		112C4DA6256C0B4A006ECB8E /* VaultHelper.swift */ = {isa = PBXFileReference; lastKnownFileType = sourcecode.swift; path = VaultHelper.swift; sourceTree = "<group>"; };
		11379429227ED9AD004A1F65 /* ElastosHiveSDKTests.xctest */ = {isa = PBXFileReference; explicitFileType = wrapper.cfbundle; includeInIndex = 0; path = ElastosHiveSDKTests.xctest; sourceTree = BUILT_PRODUCTS_DIR; };
		1137942D227ED9AD004A1F65 /* Info.plist */ = {isa = PBXFileReference; lastKnownFileType = text.plist.xml; path = Info.plist; sourceTree = "<group>"; };
		11474816255E156B00D158B7 /* DApp.swift */ = {isa = PBXFileReference; lastKnownFileType = sourcecode.swift; path = DApp.swift; sourceTree = "<group>"; };
		11474827255E1C7100D158B7 /* Entity.swift */ = {isa = PBXFileReference; lastKnownFileType = sourcecode.swift; path = Entity.swift; sourceTree = "<group>"; };
		1147482D255E27F200D158B7 /* DIDApp.swift */ = {isa = PBXFileReference; lastKnownFileType = sourcecode.swift; path = DIDApp.swift; sourceTree = "<group>"; };
		11474831255E291D00D158B7 /* PresentationInJWT.swift */ = {isa = PBXFileReference; lastKnownFileType = sourcecode.swift; path = PresentationInJWT.swift; sourceTree = "<group>"; };
		1147720823F678BD00C7C36F /* SwiftyJSON.swift */ = {isa = PBXFileReference; fileEncoding = 4; lastKnownFileType = sourcecode.swift; path = SwiftyJSON.swift; sourceTree = "<group>"; };
		11496C64251B1E37002DE4F0 /* Date.swift */ = {isa = PBXFileReference; lastKnownFileType = sourcecode.swift; path = Date.swift; sourceTree = "<group>"; };
		114E612C2510DD23003673FF /* test.txt */ = {isa = PBXFileReference; fileEncoding = 4; lastKnownFileType = text; path = test.txt; sourceTree = "<group>"; };
		114FD83F2297CF7600467E38 /* Authenticator.swift */ = {isa = PBXFileReference; fileEncoding = 4; lastKnownFileType = sourcecode.swift; path = Authenticator.swift; sourceTree = "<group>"; };
		1154C308255E36D500FE1E53 /* UserFactory.swift */ = {isa = PBXFileReference; lastKnownFileType = sourcecode.swift; path = UserFactory.swift; sourceTree = "<group>"; };
		115E82E6251A4495004DCB1E /* MinKey.swift */ = {isa = PBXFileReference; lastKnownFileType = sourcecode.swift; path = MinKey.swift; sourceTree = "<group>"; };
		115E82E9251A44AA004DCB1E /* MaxKey.swift */ = {isa = PBXFileReference; lastKnownFileType = sourcecode.swift; path = MaxKey.swift; sourceTree = "<group>"; };
		115E82EC251A44BC004DCB1E /* ObjectId.swift */ = {isa = PBXFileReference; lastKnownFileType = sourcecode.swift; path = ObjectId.swift; sourceTree = "<group>"; };
		115E82EF251A4553004DCB1E /* RegularExpression.swift */ = {isa = PBXFileReference; lastKnownFileType = sourcecode.swift; path = RegularExpression.swift; sourceTree = "<group>"; };
		115E82F2251A4590004DCB1E /* Timestamp.swift */ = {isa = PBXFileReference; lastKnownFileType = sourcecode.swift; path = Timestamp.swift; sourceTree = "<group>"; };
		1163D8E3256D667800F3DC98 /* PaymentTest.swift */ = {isa = PBXFileReference; lastKnownFileType = sourcecode.swift; path = PaymentTest.swift; sourceTree = "<group>"; };
		1170FB042501CB3F0049E81D /* WriteConcern.swift */ = {isa = PBXFileReference; lastKnownFileType = sourcecode.swift; path = WriteConcern.swift; sourceTree = "<group>"; };
		1170FB072501CCD30049E81D /* ReadConcern.swift */ = {isa = PBXFileReference; lastKnownFileType = sourcecode.swift; path = ReadConcern.swift; sourceTree = "<group>"; };
		1170FB0A2501CD2F0049E81D /* ReadPreference.swift */ = {isa = PBXFileReference; lastKnownFileType = sourcecode.swift; path = ReadPreference.swift; sourceTree = "<group>"; };
		1170FB0D2501CEF70049E81D /* VaultIndex.swift */ = {isa = PBXFileReference; lastKnownFileType = sourcecode.swift; path = VaultIndex.swift; sourceTree = "<group>"; };
		1170FB102501D21C0049E81D /* Result.swift */ = {isa = PBXFileReference; lastKnownFileType = sourcecode.swift; path = Result.swift; sourceTree = "<group>"; };
		1170FB132502019C0049E81D /* Vault.swift */ = {isa = PBXFileReference; lastKnownFileType = sourcecode.swift; path = Vault.swift; sourceTree = "<group>"; };
		1170FB19250507C70049E81D /* DBTest.swift */ = {isa = PBXFileReference; lastKnownFileType = sourcecode.swift; path = DBTest.swift; sourceTree = "<group>"; };
		1170FB9E25073D360049E81D /* ijUnD4KeRpeBUFmcEDCbhxMTJRzUYCQCZM */ = {isa = PBXFileReference; fileEncoding = 4; lastKnownFileType = text; path = ijUnD4KeRpeBUFmcEDCbhxMTJRzUYCQCZM; sourceTree = "<group>"; };
		1170FBA02508D35A0049E81D /* Header.swift */ = {isa = PBXFileReference; lastKnownFileType = sourcecode.swift; path = Header.swift; sourceTree = "<group>"; };
		11749D9E24082FB1007B8F32 /* OutputStream.swift */ = {isa = PBXFileReference; lastKnownFileType = sourcecode.swift; path = OutputStream.swift; sourceTree = "<group>"; };
		118F2D82250F1A7200447A0A /* ScriptTest.swift */ = {isa = PBXFileReference; lastKnownFileType = sourcecode.swift; path = ScriptTest.swift; sourceTree = "<group>"; };
		118F2D84250F1ABA00447A0A /* Constance.swift */ = {isa = PBXFileReference; lastKnownFileType = sourcecode.swift; path = Constance.swift; sourceTree = "<group>"; };
		118F2D86250F23EB00447A0A /* AggregatedCondition.swift */ = {isa = PBXFileReference; lastKnownFileType = sourcecode.swift; path = AggregatedCondition.swift; sourceTree = "<group>"; };
		118F2D89250F264900447A0A /* AggregatedExecutable.swift */ = {isa = PBXFileReference; lastKnownFileType = sourcecode.swift; path = AggregatedExecutable.swift; sourceTree = "<group>"; };
		118F2D8C250F28BA00447A0A /* RawExecutable.swift */ = {isa = PBXFileReference; lastKnownFileType = sourcecode.swift; path = RawExecutable.swift; sourceTree = "<group>"; };
		118F2D8F250F29C400447A0A /* AndCondition.swift */ = {isa = PBXFileReference; lastKnownFileType = sourcecode.swift; path = AndCondition.swift; sourceTree = "<group>"; };
		118F2D92250F2A8600447A0A /* DbDeleteQuery.swift */ = {isa = PBXFileReference; lastKnownFileType = sourcecode.swift; path = DbDeleteQuery.swift; sourceTree = "<group>"; };
		118F2D95250F2C3500447A0A /* DbFindQuery.swift */ = {isa = PBXFileReference; lastKnownFileType = sourcecode.swift; path = DbFindQuery.swift; sourceTree = "<group>"; };
		118F2D98250F2CF400447A0A /* DbInsertQuery.swift */ = {isa = PBXFileReference; lastKnownFileType = sourcecode.swift; path = DbInsertQuery.swift; sourceTree = "<group>"; };
		118F2D9B250F31A700447A0A /* DbUpdateQuery.swift */ = {isa = PBXFileReference; lastKnownFileType = sourcecode.swift; path = DbUpdateQuery.swift; sourceTree = "<group>"; };
		118F2D9E250F32B100447A0A /* OrCondition.swift */ = {isa = PBXFileReference; lastKnownFileType = sourcecode.swift; path = OrCondition.swift; sourceTree = "<group>"; };
		118F2DA1250F332700447A0A /* QueryHasResultsCondition.swift */ = {isa = PBXFileReference; lastKnownFileType = sourcecode.swift; path = QueryHasResultsCondition.swift; sourceTree = "<group>"; };
		118F2DA4250F33AB00447A0A /* RawCondition.swift */ = {isa = PBXFileReference; lastKnownFileType = sourcecode.swift; path = RawCondition.swift; sourceTree = "<group>"; };
		118F2DAC25105C3700447A0A /* FileTest.swift */ = {isa = PBXFileReference; lastKnownFileType = sourcecode.swift; path = FileTest.swift; sourceTree = "<group>"; };
		119B26B525762C610084B859 /* CallConfig.swift */ = {isa = PBXFileReference; lastKnownFileType = sourcecode.swift; path = CallConfig.swift; sourceTree = "<group>"; };
		119B26B8257630590084B859 /* UploadCallConfig.swift */ = {isa = PBXFileReference; lastKnownFileType = sourcecode.swift; path = UploadCallConfig.swift; sourceTree = "<group>"; };
		119B26BB257630770084B859 /* DownloadCallConfig.swift */ = {isa = PBXFileReference; lastKnownFileType = sourcecode.swift; path = DownloadCallConfig.swift; sourceTree = "<group>"; };
		119B26BE2576308F0084B859 /* GeneralCallConfig.swift */ = {isa = PBXFileReference; lastKnownFileType = sourcecode.swift; path = GeneralCallConfig.swift; sourceTree = "<group>"; };
		119B26C2257735FA0084B859 /* HiveError.swift */ = {isa = PBXFileReference; fileEncoding = 4; lastKnownFileType = sourcecode.swift; path = HiveError.swift; sourceTree = "<group>"; };
		119B29802578EBD90084B859 /* ElastosDIDSDK.framework */ = {isa = PBXFileReference; lastKnownFileType = wrapper.framework; path = ElastosDIDSDK.framework; sourceTree = "<group>"; };
		11C9EAE4254A637500080995 /* InsertOneResult.swift */ = {isa = PBXFileReference; lastKnownFileType = sourcecode.swift; path = InsertOneResult.swift; sourceTree = "<group>"; };
		11D26F3C22CA3B3300E4099A /* ElastosHiveSDK_macOS.framework */ = {isa = PBXFileReference; explicitFileType = wrapper.framework; includeInIndex = 0; path = ElastosHiveSDK_macOS.framework; sourceTree = BUILT_PRODUCTS_DIR; };
		11D26F3E22CA3B3300E4099A /* ElastosHiveSDK_macOS.h */ = {isa = PBXFileReference; lastKnownFileType = sourcecode.c.h; path = ElastosHiveSDK_macOS.h; sourceTree = "<group>"; };
		11E3C24B25709282000175F1 /* DatabaseProtocol.swift */ = {isa = PBXFileReference; fileEncoding = 4; lastKnownFileType = sourcecode.swift; name = DatabaseProtocol.swift; path = Protocols/DatabaseProtocol.swift; sourceTree = "<group>"; };
		11E3C24C25709282000175F1 /* ScriptingProtocol.swift */ = {isa = PBXFileReference; fileEncoding = 4; lastKnownFileType = sourcecode.swift; name = ScriptingProtocol.swift; path = Protocols/ScriptingProtocol.swift; sourceTree = "<group>"; };
		11E3C250257092B9000175F1 /* PaymentProtocol.swift */ = {isa = PBXFileReference; lastKnownFileType = sourcecode.swift; name = PaymentProtocol.swift; path = Protocols/PaymentProtocol.swift; sourceTree = "<group>"; };
		11E573FA22C4C33400F85419 /* Dictionary.swift */ = {isa = PBXFileReference; fileEncoding = 4; lastKnownFileType = sourcecode.swift; path = Dictionary.swift; sourceTree = "<group>"; };
		11E573FB22C4C33400F85419 /* String.swift */ = {isa = PBXFileReference; fileEncoding = 4; lastKnownFileType = sourcecode.swift; path = String.swift; sourceTree = "<group>"; };
		11E92CE02560D8B2007EFC95 /* FileExecutable.swift */ = {isa = PBXFileReference; lastKnownFileType = sourcecode.swift; path = FileExecutable.swift; sourceTree = "<group>"; };
		11E92CE42560DFF5007EFC95 /* UploadExecutable.swift */ = {isa = PBXFileReference; lastKnownFileType = sourcecode.swift; path = UploadExecutable.swift; sourceTree = "<group>"; };
		11E92CE82560E1D4007EFC95 /* PropertiesExecutable.swift */ = {isa = PBXFileReference; lastKnownFileType = sourcecode.swift; path = PropertiesExecutable.swift; sourceTree = "<group>"; };
		11E92CEC2560E228007EFC95 /* HashExecutable.swift */ = {isa = PBXFileReference; lastKnownFileType = sourcecode.swift; path = HashExecutable.swift; sourceTree = "<group>"; };
		11ED682922FF1077004C17D0 /* ElastosHiveSDK.swift */ = {isa = PBXFileReference; lastKnownFileType = sourcecode.swift; path = ElastosHiveSDK.swift; sourceTree = "<group>"; };
		11FD496C2561AC9B00A108D2 /* DownloadExecutable.swift */ = {isa = PBXFileReference; lastKnownFileType = sourcecode.swift; path = DownloadExecutable.swift; sourceTree = "<group>"; };
		13C6D592C180032E4F31BEF6 /* Pods-ElastosHiveSDK.debug.xcconfig */ = {isa = PBXFileReference; includeInIndex = 1; lastKnownFileType = text.xcconfig; name = "Pods-ElastosHiveSDK.debug.xcconfig"; path = "Target Support Files/Pods-ElastosHiveSDK/Pods-ElastosHiveSDK.debug.xcconfig"; sourceTree = "<group>"; };
		2368C8CBAE94193EAF7DB87D /* Pods-ElastosHiveSDKTests.debug.xcconfig */ = {isa = PBXFileReference; includeInIndex = 1; lastKnownFileType = text.xcconfig; name = "Pods-ElastosHiveSDKTests.debug.xcconfig"; path = "Target Support Files/Pods-ElastosHiveSDKTests/Pods-ElastosHiveSDKTests.debug.xcconfig"; sourceTree = "<group>"; };
		556E8D39E54EDBDFA4DEAD42 /* Pods-TestHost.release.xcconfig */ = {isa = PBXFileReference; includeInIndex = 1; lastKnownFileType = text.xcconfig; name = "Pods-TestHost.release.xcconfig"; path = "Target Support Files/Pods-TestHost/Pods-TestHost.release.xcconfig"; sourceTree = "<group>"; };
		5F09DA7DC9D47111E630261C /* Pods_TestHost.framework */ = {isa = PBXFileReference; explicitFileType = wrapper.framework; includeInIndex = 0; path = Pods_TestHost.framework; sourceTree = BUILT_PRODUCTS_DIR; };
		6081910F0FC211291C05B08B /* Pods-ElastosHiveSDK.release.xcconfig */ = {isa = PBXFileReference; includeInIndex = 1; lastKnownFileType = text.xcconfig; name = "Pods-ElastosHiveSDK.release.xcconfig"; path = "Target Support Files/Pods-ElastosHiveSDK/Pods-ElastosHiveSDK.release.xcconfig"; sourceTree = "<group>"; };
		A37F893C23C72B2600F6C11E /* HiveClientOptions.swift */ = {isa = PBXFileReference; lastKnownFileType = sourcecode.swift; path = HiveClientOptions.swift; sourceTree = "<group>"; };
		A39C496F225399860027BDF9 /* ElastosHiveSDK.framework */ = {isa = PBXFileReference; explicitFileType = wrapper.framework; includeInIndex = 0; path = ElastosHiveSDK.framework; sourceTree = BUILT_PRODUCTS_DIR; };
		A39C4972225399860027BDF9 /* ElastosHiveSDK.h */ = {isa = PBXFileReference; lastKnownFileType = sourcecode.c.h; path = ElastosHiveSDK.h; sourceTree = "<group>"; };
		A39C4973225399860027BDF9 /* Info.plist */ = {isa = PBXFileReference; lastKnownFileType = text.plist.xml; path = Info.plist; sourceTree = "<group>"; };
		A3D9D41023C9671C003B602E /* FilesProtocol.swift */ = {isa = PBXFileReference; fileEncoding = 4; lastKnownFileType = sourcecode.swift; name = FilesProtocol.swift; path = Protocols/FilesProtocol.swift; sourceTree = "<group>"; };
		A3D9D41523C96DA1003B602E /* KeyValuesProtocol.swift */ = {isa = PBXFileReference; fileEncoding = 4; lastKnownFileType = sourcecode.swift; name = KeyValuesProtocol.swift; path = Protocols/KeyValuesProtocol.swift; sourceTree = "<group>"; };
		A3FD3C80228000EE0031413A /* HiveClient.swift */ = {isa = PBXFileReference; lastKnownFileType = sourcecode.swift; path = HiveClient.swift; sourceTree = "<group>"; };
		C228C56325B65D63A60C99C8 /* Pods-ElastosHiveSDKTests.release.xcconfig */ = {isa = PBXFileReference; includeInIndex = 1; lastKnownFileType = text.xcconfig; name = "Pods-ElastosHiveSDKTests.release.xcconfig"; path = "Target Support Files/Pods-ElastosHiveSDKTests/Pods-ElastosHiveSDKTests.release.xcconfig"; sourceTree = "<group>"; };
		D17AD36AC88E073FD2B2D930 /* Pods_ElastosHiveSDK.framework */ = {isa = PBXFileReference; explicitFileType = wrapper.framework; includeInIndex = 0; path = Pods_ElastosHiveSDK.framework; sourceTree = BUILT_PRODUCTS_DIR; };
		DB374220454CA5325E399B9B /* Pods-TestHost.debug.xcconfig */ = {isa = PBXFileReference; includeInIndex = 1; lastKnownFileType = text.xcconfig; name = "Pods-TestHost.debug.xcconfig"; path = "Target Support Files/Pods-TestHost/Pods-TestHost.debug.xcconfig"; sourceTree = "<group>"; };
/* End PBXFileReference section */

/* Begin PBXFrameworksBuildPhase section */
		11379426227ED9AD004A1F65 /* Frameworks */ = {
			isa = PBXFrameworksBuildPhase;
			buildActionMask = 2147483647;
			files = (
				119B29812578EBD90084B859 /* ElastosDIDSDK.framework in Frameworks */,
				1137942E227ED9AD004A1F65 /* ElastosHiveSDK.framework in Frameworks */,
				0D94ED2D06BBCAE410D0273C /* Pods_ElastosHiveSDKTests.framework in Frameworks */,
			);
			runOnlyForDeploymentPostprocessing = 0;
		};
		11D26F3922CA3B3300E4099A /* Frameworks */ = {
			isa = PBXFrameworksBuildPhase;
			buildActionMask = 2147483647;
			files = (
			);
			runOnlyForDeploymentPostprocessing = 0;
		};
		A39C496C225399860027BDF9 /* Frameworks */ = {
			isa = PBXFrameworksBuildPhase;
			buildActionMask = 2147483647;
			files = (
				6DDA50FA35E7A18E5EF0C90E /* Pods_ElastosHiveSDK.framework in Frameworks */,
			);
			runOnlyForDeploymentPostprocessing = 0;
		};
/* End PBXFrameworksBuildPhase section */

/* Begin PBXGroup section */
		111242152579E5CB002BFAEB /* Payment */ = {
			isa = PBXGroup;
			children = (
				111242162579E5CB002BFAEB /* OrderState.swift */,
				111242172579E5CB002BFAEB /* PricingPlan.swift */,
				111242182579E5CB002BFAEB /* Order.swift */,
				111242192579E5CB002BFAEB /* PaymentSettings.swift */,
				1112421A2579E5CB002BFAEB /* PricingInfo.swift */,
				1112421B2579E5CB002BFAEB /* UsingPlan.swift */,
			);
			path = Payment;
			sourceTree = "<group>";
		};
		111CA6D7252097CB0030D39C /* DID */ = {
			isa = PBXGroup;
			children = (
				11474816255E156B00D158B7 /* DApp.swift */,
				1147482D255E27F200D158B7 /* DIDApp.swift */,
				11474827255E1C7100D158B7 /* Entity.swift */,
				11474831255E291D00D158B7 /* PresentationInJWT.swift */,
				111CA6D9252097CB0030D39C /* DummyAdapter.swift */,
			);
			path = DID;
			sourceTree = "<group>";
		};
		111CA6E2252097DC0030D39C /* Externals */ = {
			isa = PBXGroup;
			children = (
				119B29802578EBD90084B859 /* ElastosDIDSDK.framework */,
			);
			path = Externals;
			sourceTree = "<group>";
		};
		111D477B24EE4B0700B7462B /* Vault */ = {
			isa = PBXGroup;
			children = (
				111CA54A252027760030D39C /* TestError.swift */,
				1170FB19250507C70049E81D /* DBTest.swift */,
				118F2D82250F1A7200447A0A /* ScriptTest.swift */,
				118F2DAC25105C3700447A0A /* FileTest.swift */,
				1163D8E3256D667800F3DC98 /* PaymentTest.swift */,
				111BD89A256CE08600746A51 /* VersionTest.swift */,
				118F2D84250F1ABA00447A0A /* Constance.swift */,
				1154C308255E36D500FE1E53 /* UserFactory.swift */,
			);
			path = Vault;
			sourceTree = "<group>";
		};
		111D47C924F7902600B7462B /* Database */ = {
			isa = PBXGroup;
			children = (
				111D47CA24F7904100B7462B /* Collation.swift */,
				111D47FC24F8B63C00B7462B /* Options.swift */,
				111D47CD24F7905100B7462B /* CountOptions.swift */,
				111D47D024F7906100B7462B /* CreateCollectionOptions.swift */,
				111D47D324F7906F00B7462B /* DeleteOptions.swift */,
				111D47EB24F794A500B7462B /* DeleteResult.swift */,
				111D47D924F7908D00B7462B /* FindOptions.swift */,
				111D47DF24F790C700B7462B /* InsertOptions.swift */,
				111D47E524F7927D00B7462B /* InsertManyResult.swift */,
				11C9EAE4254A637500080995 /* InsertOneResult.swift */,
				115E82E6251A4495004DCB1E /* MinKey.swift */,
				115E82E9251A44AA004DCB1E /* MaxKey.swift */,
				115E82EC251A44BC004DCB1E /* ObjectId.swift */,
				111D47E224F7910100B7462B /* UpdateOptions.swift */,
				111D47E824F7940600B7462B /* UpdateResult.swift */,
				1170FB042501CB3F0049E81D /* WriteConcern.swift */,
				1170FB072501CCD30049E81D /* ReadConcern.swift */,
				1170FB0A2501CD2F0049E81D /* ReadPreference.swift */,
				115E82EF251A4553004DCB1E /* RegularExpression.swift */,
				115E82F2251A4590004DCB1E /* Timestamp.swift */,
				1170FB0D2501CEF70049E81D /* VaultIndex.swift */,
				1170FB102501D21C0049E81D /* Result.swift */,
			);
			path = Database;
			sourceTree = "<group>";
		};
		111D47EE24F7A17A00B7462B /* File */ = {
			isa = PBXGroup;
			children = (
				111D47EF24F7A18900B7462B /* FileInfo.swift */,
			);
			path = File;
			sourceTree = "<group>";
		};
		111D47F224F7A2EB00B7462B /* Scripting */ = {
			isa = PBXGroup;
			children = (
				111D47F324F7A30300B7462B /* Executable.swift */,
				111D47F924F7A79800B7462B /* Condition.swift */,
				118F2D86250F23EB00447A0A /* AggregatedCondition.swift */,
				118F2D89250F264900447A0A /* AggregatedExecutable.swift */,
				118F2D8F250F29C400447A0A /* AndCondition.swift */,
				118F2D92250F2A8600447A0A /* DbDeleteQuery.swift */,
				118F2D95250F2C3500447A0A /* DbFindQuery.swift */,
				118F2D98250F2CF400447A0A /* DbInsertQuery.swift */,
				118F2D9B250F31A700447A0A /* DbUpdateQuery.swift */,
				118F2D9E250F32B100447A0A /* OrCondition.swift */,
				118F2DA1250F332700447A0A /* QueryHasResultsCondition.swift */,
				118F2DA4250F33AB00447A0A /* RawCondition.swift */,
				118F2D8C250F28BA00447A0A /* RawExecutable.swift */,
				11E92CE02560D8B2007EFC95 /* FileExecutable.swift */,
				11E92CE42560DFF5007EFC95 /* UploadExecutable.swift */,
				11E92CE82560E1D4007EFC95 /* PropertiesExecutable.swift */,
				11E92CEC2560E228007EFC95 /* HashExecutable.swift */,
				11FD496C2561AC9B00A108D2 /* DownloadExecutable.swift */,
				119B26B525762C610084B859 /* CallConfig.swift */,
				119B26B8257630590084B859 /* UploadCallConfig.swift */,
				119B26BB257630770084B859 /* DownloadCallConfig.swift */,
				119B26BE2576308F0084B859 /* GeneralCallConfig.swift */,
			);
			path = Scripting;
			sourceTree = "<group>";
		};
		1137942A227ED9AD004A1F65 /* ElastosHiveSDKTests */ = {
			isa = PBXGroup;
			children = (
				111CA6E2252097DC0030D39C /* Externals */,
				111CA6D7252097CB0030D39C /* DID */,
				1170FB2825073CD60049E81D /* Resources */,
				111D477B24EE4B0700B7462B /* Vault */,
				1137942D227ED9AD004A1F65 /* Info.plist */,
			);
			path = ElastosHiveSDKTests;
			sourceTree = "<group>";
		};
		1147720723F678BD00C7C36F /* SwiftyJSON */ = {
			isa = PBXGroup;
			children = (
				1147720823F678BD00C7C36F /* SwiftyJSON.swift */,
			);
			path = SwiftyJSON;
			sourceTree = "<group>";
		};
		1151E99F256CCBDC00024303 /* NetWork */ = {
			isa = PBXGroup;
			children = (
				1170FBA02508D35A0049E81D /* Header.swift */,
				111D478A24EE810A00B7462B /* VaultURL.swift */,
				111D478D24F399AC00B7462B /* VaultApi.swift */,
				110357E2256FA3CA003F639F /* FileReader.swift */,
				110357E6256FA420003F639F /* FileWriter.swift */,
			);
			path = NetWork;
			sourceTree = "<group>";
		};
		1151E9A0256CCC6000024303 /* Log */ = {
			isa = PBXGroup;
			children = (
				1103757823FF96BF004216D0 /* Log.swift */,
				1103756F23FF96A0004216D0 /* LogLevel.swift */,
			);
			path = Log;
			sourceTree = "<group>";
		};
		1170FB2825073CD60049E81D /* Resources */ = {
			isa = PBXGroup;
			children = (
				114E612C2510DD23003673FF /* test.txt */,
				1170FB9E25073D360049E81D /* ijUnD4KeRpeBUFmcEDCbhxMTJRzUYCQCZM */,
			);
			path = Resources;
			sourceTree = "<group>";
		};
		119B26C1257735FA0084B859 /* Errors */ = {
			isa = PBXGroup;
			children = (
				119B26C2257735FA0084B859 /* HiveError.swift */,
			);
			path = Errors;
			sourceTree = "<group>";
		};
		11D26F3D22CA3B3300E4099A /* ElastosHiveSDK_macOS */ = {
			isa = PBXGroup;
			children = (
				11D26F3E22CA3B3300E4099A /* ElastosHiveSDK_macOS.h */,
			);
			path = ElastosHiveSDK_macOS;
			sourceTree = "<group>";
		};
		11E573F922C4C33400F85419 /* Extension */ = {
			isa = PBXGroup;
			children = (
				1129C19324052CC500CD77F2 /* Alamofire+Synchronous.swift */,
				11E573FA22C4C33400F85419 /* Dictionary.swift */,
				11E573FB22C4C33400F85419 /* String.swift */,
				11496C64251B1E37002DE4F0 /* Date.swift */,
				11749D9E24082FB1007B8F32 /* OutputStream.swift */,
			);
			path = Extension;
			sourceTree = "<group>";
		};
		54606D10E83E614A3F17056C /* Frameworks */ = {
			isa = PBXGroup;
			children = (
				D17AD36AC88E073FD2B2D930 /* Pods_ElastosHiveSDK.framework */,
				0DB068EABA0DB13AB595055A /* Pods_ElastosHiveSDKTests.framework */,
				5F09DA7DC9D47111E630261C /* Pods_TestHost.framework */,
			);
			name = Frameworks;
			sourceTree = "<group>";
		};
		873FCFD648761A208C564AD4 /* Pods */ = {
			isa = PBXGroup;
			children = (
				13C6D592C180032E4F31BEF6 /* Pods-ElastosHiveSDK.debug.xcconfig */,
				6081910F0FC211291C05B08B /* Pods-ElastosHiveSDK.release.xcconfig */,
				2368C8CBAE94193EAF7DB87D /* Pods-ElastosHiveSDKTests.debug.xcconfig */,
				C228C56325B65D63A60C99C8 /* Pods-ElastosHiveSDKTests.release.xcconfig */,
				DB374220454CA5325E399B9B /* Pods-TestHost.debug.xcconfig */,
				556E8D39E54EDBDFA4DEAD42 /* Pods-TestHost.release.xcconfig */,
			);
			path = Pods;
			sourceTree = "<group>";
		};
		A37F892E23C7278A00F6C11E /* Result */ = {
			isa = PBXGroup;
			children = (
				1103756C23FF9689004216D0 /* DataResponse.swift */,
			);
			name = Result;
			sourceTree = "<group>";
		};
		A37F893523C72ABB00F6C11E /* Protocols */ = {
			isa = PBXGroup;
			children = (
				11E3C24B25709282000175F1 /* DatabaseProtocol.swift */,
				11E3C24C25709282000175F1 /* ScriptingProtocol.swift */,
				A3D9D41023C9671C003B602E /* FilesProtocol.swift */,
				A3D9D41523C96DA1003B602E /* KeyValuesProtocol.swift */,
				11E3C250257092B9000175F1 /* PaymentProtocol.swift */,
			);
			name = Protocols;
			sourceTree = "<group>";
		};
		A39C4965225399860027BDF9 = {
			isa = PBXGroup;
			children = (
				A39C4971225399860027BDF9 /* ElastosHiveSDK */,
				1137942A227ED9AD004A1F65 /* ElastosHiveSDKTests */,
				11D26F3D22CA3B3300E4099A /* ElastosHiveSDK_macOS */,
				A39C4970225399860027BDF9 /* Products */,
				873FCFD648761A208C564AD4 /* Pods */,
				54606D10E83E614A3F17056C /* Frameworks */,
			);
			sourceTree = "<group>";
		};
		A39C4970225399860027BDF9 /* Products */ = {
			isa = PBXGroup;
			children = (
				A39C496F225399860027BDF9 /* ElastosHiveSDK.framework */,
				11379429227ED9AD004A1F65 /* ElastosHiveSDKTests.xctest */,
				11D26F3C22CA3B3300E4099A /* ElastosHiveSDK_macOS.framework */,
			);
			name = Products;
			sourceTree = "<group>";
		};
		A39C4971225399860027BDF9 /* ElastosHiveSDK */ = {
			isa = PBXGroup;
			children = (
				A37F892E23C7278A00F6C11E /* Result */,
				1151E9A0256CCC6000024303 /* Log */,
				1151E99F256CCBDC00024303 /* NetWork */,
				1147720723F678BD00C7C36F /* SwiftyJSON */,
				11E573F922C4C33400F85419 /* Extension */,
				119B26C1257735FA0084B859 /* Errors */,
				111242152579E5CB002BFAEB /* Payment */,
				A37F893523C72ABB00F6C11E /* Protocols */,
				111D47EE24F7A17A00B7462B /* File */,
				111D47F224F7A2EB00B7462B /* Scripting */,
				111D47C924F7902600B7462B /* Database */,
				114FD83F2297CF7600467E38 /* Authenticator.swift */,
				111D477824ED0C1200B7462B /* VaultAuthHelper.swift */,
				111D479224F4E2C300B7462B /* VaultAuthInfoStoreImpl.swift */,
				1103757223FF96AB004216D0 /* AuthToken.swift */,
				A3FD3C80228000EE0031413A /* HiveClient.swift */,
				A37F893C23C72B2600F6C11E /* HiveClientOptions.swift */,
				1127462C24FE3343007D6356 /* DatabaseClient.swift */,
				1127462F24FE3369007D6356 /* FileClient.swift */,
				1127463224FE3386007D6356 /* ScriptClient.swift */,
				111BD8B0256D011400746A51 /* Payment.swift */,
				1170FB132502019C0049E81D /* Vault.swift */,
				111BD897256CDAA700746A51 /* Version.swift */,
				112C4DA6256C0B4A006ECB8E /* VaultHelper.swift */,
				1103757B23FF96C7004216D0 /* Persistent.swift */,
				1103757523FF96B5004216D0 /* ConnectHelper.swift */,
				A39C4972225399860027BDF9 /* ElastosHiveSDK.h */,
				11ED682922FF1077004C17D0 /* ElastosHiveSDK.swift */,
				A39C4973225399860027BDF9 /* Info.plist */,
			);
			path = ElastosHiveSDK;
			sourceTree = "<group>";
		};
/* End PBXGroup section */

/* Begin PBXHeadersBuildPhase section */
		11D26F3722CA3B3300E4099A /* Headers */ = {
			isa = PBXHeadersBuildPhase;
			buildActionMask = 2147483647;
			files = (
				11D26F4022CA3B3300E4099A /* ElastosHiveSDK_macOS.h in Headers */,
			);
			runOnlyForDeploymentPostprocessing = 0;
		};
		A39C496A225399860027BDF9 /* Headers */ = {
			isa = PBXHeadersBuildPhase;
			buildActionMask = 2147483647;
			files = (
				A39C4980225399860027BDF9 /* ElastosHiveSDK.h in Headers */,
			);
			runOnlyForDeploymentPostprocessing = 0;
		};
/* End PBXHeadersBuildPhase section */

/* Begin PBXNativeTarget section */
		11379428227ED9AD004A1F65 /* ElastosHiveSDKTests */ = {
			isa = PBXNativeTarget;
			buildConfigurationList = 11379431227ED9AD004A1F65 /* Build configuration list for PBXNativeTarget "ElastosHiveSDKTests" */;
			buildPhases = (
				9C6BAF7A402DDFEAEAE68FFC /* [CP] Check Pods Manifest.lock */,
				11379425227ED9AD004A1F65 /* Sources */,
				11379426227ED9AD004A1F65 /* Frameworks */,
				11379427227ED9AD004A1F65 /* Resources */,
				7389AFB6B8B6DAB5A102422D /* [CP] Embed Pods Frameworks */,
				11D145532530159B000E627A /* CopyFiles */,
			);
			buildRules = (
			);
			dependencies = (
				11379430227ED9AD004A1F65 /* PBXTargetDependency */,
			);
			name = ElastosHiveSDKTests;
			productName = ElastosHiveSDKTests;
			productReference = 11379429227ED9AD004A1F65 /* ElastosHiveSDKTests.xctest */;
			productType = "com.apple.product-type.bundle.unit-test";
		};
		11D26F3B22CA3B3300E4099A /* ElastosHiveSDK_macOS */ = {
			isa = PBXNativeTarget;
			buildConfigurationList = 11D26F4122CA3B3300E4099A /* Build configuration list for PBXNativeTarget "ElastosHiveSDK_macOS" */;
			buildPhases = (
				11D26F3722CA3B3300E4099A /* Headers */,
				11D26F3822CA3B3300E4099A /* Sources */,
				11D26F3922CA3B3300E4099A /* Frameworks */,
				11D26F3A22CA3B3300E4099A /* Resources */,
				111CA4FA251C849F0030D39C /* Embed Frameworks */,
			);
			buildRules = (
			);
			dependencies = (
			);
			name = ElastosHiveSDK_macOS;
			productName = ElastosHiveSDK_macOS;
			productReference = 11D26F3C22CA3B3300E4099A /* ElastosHiveSDK_macOS.framework */;
			productType = "com.apple.product-type.framework";
		};
		A39C496E225399860027BDF9 /* ElastosHiveSDK */ = {
			isa = PBXNativeTarget;
			buildConfigurationList = A39C4983225399860027BDF9 /* Build configuration list for PBXNativeTarget "ElastosHiveSDK" */;
			buildPhases = (
				73827CA57F0DF5767CA9E536 /* [CP] Check Pods Manifest.lock */,
				A39C496A225399860027BDF9 /* Headers */,
				A39C496B225399860027BDF9 /* Sources */,
				A39C496C225399860027BDF9 /* Frameworks */,
				A39C496D225399860027BDF9 /* Resources */,
				118E27BA2566C85A004EECF1 /* CopyFiles */,
			);
			buildRules = (
			);
			dependencies = (
			);
			name = ElastosHiveSDK;
			productName = ElastosHiveSDK;
			productReference = A39C496F225399860027BDF9 /* ElastosHiveSDK.framework */;
			productType = "com.apple.product-type.framework";
		};
/* End PBXNativeTarget section */

/* Begin PBXProject section */
		A39C4966225399860027BDF9 /* Project object */ = {
			isa = PBXProject;
			attributes = {
				LastSwiftUpdateCheck = 1020;
				LastUpgradeCheck = 1020;
				ORGANIZATIONNAME = org.elastos;
				TargetAttributes = {
					112F1F5B22E01499001706DB = {
						CreatedOnToolsVersion = 10.2.1;
					};
					11379428227ED9AD004A1F65 = {
						CreatedOnToolsVersion = 10.2;
					};
					11D26F3B22CA3B3300E4099A = {
						CreatedOnToolsVersion = 10.2.1;
					};
					A39C496E225399860027BDF9 = {
						CreatedOnToolsVersion = 10.2;
						LastSwiftMigration = 1020;
					};
				};
			};
			buildConfigurationList = A39C4969225399860027BDF9 /* Build configuration list for PBXProject "ElastosHiveSDK" */;
			compatibilityVersion = "Xcode 9.3";
			developmentRegion = en;
			hasScannedForEncodings = 0;
			knownRegions = (
				en,
				Base,
			);
			mainGroup = A39C4965225399860027BDF9;
			productRefGroup = A39C4970225399860027BDF9 /* Products */;
			projectDirPath = "";
			projectRoot = "";
			targets = (
				A39C496E225399860027BDF9 /* ElastosHiveSDK */,
				11379428227ED9AD004A1F65 /* ElastosHiveSDKTests */,
				11D26F3B22CA3B3300E4099A /* ElastosHiveSDK_macOS */,
				112F1F5B22E01499001706DB /* ElastosHiveSDKFramework */,
			);
		};
/* End PBXProject section */

/* Begin PBXResourcesBuildPhase section */
		11379427227ED9AD004A1F65 /* Resources */ = {
			isa = PBXResourcesBuildPhase;
			buildActionMask = 2147483647;
			files = (
				114E612D2510DD24003673FF /* test.txt in Resources */,
				1170FB9F25073D360049E81D /* ijUnD4KeRpeBUFmcEDCbhxMTJRzUYCQCZM in Resources */,
			);
			runOnlyForDeploymentPostprocessing = 0;
		};
		11D26F3A22CA3B3300E4099A /* Resources */ = {
			isa = PBXResourcesBuildPhase;
			buildActionMask = 2147483647;
			files = (
			);
			runOnlyForDeploymentPostprocessing = 0;
		};
		A39C496D225399860027BDF9 /* Resources */ = {
			isa = PBXResourcesBuildPhase;
			buildActionMask = 2147483647;
			files = (
			);
			runOnlyForDeploymentPostprocessing = 0;
		};
/* End PBXResourcesBuildPhase section */

/* Begin PBXShellScriptBuildPhase section */
		112F1F5F22E014A7001706DB /* ShellScript */ = {
			isa = PBXShellScriptBuildPhase;
			buildActionMask = 2147483647;
			files = (
			);
			inputFileListPaths = (
			);
			inputPaths = (
			);
			outputFileListPaths = (
			);
			outputPaths = (
			);
			runOnlyForDeploymentPostprocessing = 0;
			shellPath = /bin/sh;
			shellScript = "FMK_NAME=${PROJECT_NAME}\nINSTALL_DIR=${SRCROOT}/'Products'/${FMK_NAME}'.framework'\nFINAL_DIR=${SRCROOT}/Products\nWRK_DIR=${BUILD_DIR}\nDEVICE_DIR=${WRK_DIR}'/Debug-iphoneos'/${FMK_NAME}'.framework'\nSIMULATOR_DIR=${WRK_DIR}'/Debug-iphonesimulator'/${FMK_NAME}'.framework'\nxcodebuild -workspace ${FMK_NAME}\".xcworkspace\" -scheme ${FMK_NAME} OTHER_CFLAGS=\"-fembed-bitcode\" -configuration \"Debug\" -sdk iphoneos -arch arm64 clean build -UseModernBuildSystem=NO || exit 1\nxcodebuild -workspace ${FMK_NAME}\".xcworkspace\" -scheme ${FMK_NAME} OTHER_CFLAGS=\"-fembed-bitcode\" -configuration \"Debug\" -sdk iphonesimulator -arch x86_64 clean build -UseModernBuildSystem=NO || exit 1\n# Cleaning the oldest.\nif [ -d \"${INSTALL_DIR}\" ]\nthen\nrm -rf \"${INSTALL_DIR}\"\nfi\nmkdir -p \"${INSTALL_DIR}\"\ncp -R \"${DEVICE_DIR}/\" \"${INSTALL_DIR}/\"\ncp -R \"${SIMULATOR_DIR}/Modules/${FMK_NAME}.swiftmodule/\" \"${INSTALL_DIR}/Modules/${FMK_NAME}.swiftmodule/\"\nlipo -create \"${DEVICE_DIR}/${FMK_NAME}\" \"${SIMULATOR_DIR}/${FMK_NAME}\" -output \"${INSTALL_DIR}/${FMK_NAME}\"\nrm -r \"${WRK_DIR}\"\nopen \"${FINAL_DIR}\"\n";
		};
		73827CA57F0DF5767CA9E536 /* [CP] Check Pods Manifest.lock */ = {
			isa = PBXShellScriptBuildPhase;
			buildActionMask = 2147483647;
			files = (
			);
			inputFileListPaths = (
			);
			inputPaths = (
				"${PODS_PODFILE_DIR_PATH}/Podfile.lock",
				"${PODS_ROOT}/Manifest.lock",
			);
			name = "[CP] Check Pods Manifest.lock";
			outputFileListPaths = (
			);
			outputPaths = (
				"$(DERIVED_FILE_DIR)/Pods-ElastosHiveSDK-checkManifestLockResult.txt",
			);
			runOnlyForDeploymentPostprocessing = 0;
			shellPath = /bin/sh;
			shellScript = "diff \"${PODS_PODFILE_DIR_PATH}/Podfile.lock\" \"${PODS_ROOT}/Manifest.lock\" > /dev/null\nif [ $? != 0 ] ; then\n    # print error to STDERR\n    echo \"error: The sandbox is not in sync with the Podfile.lock. Run 'pod install' or update your CocoaPods installation.\" >&2\n    exit 1\nfi\n# This output is used by Xcode 'outputs' to avoid re-running this script phase.\necho \"SUCCESS\" > \"${SCRIPT_OUTPUT_FILE_0}\"\n";
			showEnvVarsInLog = 0;
		};
		7389AFB6B8B6DAB5A102422D /* [CP] Embed Pods Frameworks */ = {
			isa = PBXShellScriptBuildPhase;
			buildActionMask = 2147483647;
			files = (
			);
			inputFileListPaths = (
				"${PODS_ROOT}/Target Support Files/Pods-ElastosHiveSDKTests/Pods-ElastosHiveSDKTests-frameworks-${CONFIGURATION}-input-files.xcfilelist",
			);
			name = "[CP] Embed Pods Frameworks";
			outputFileListPaths = (
				"${PODS_ROOT}/Target Support Files/Pods-ElastosHiveSDKTests/Pods-ElastosHiveSDKTests-frameworks-${CONFIGURATION}-output-files.xcfilelist",
			);
			runOnlyForDeploymentPostprocessing = 0;
			shellPath = /bin/sh;
			shellScript = "\"${PODS_ROOT}/Target Support Files/Pods-ElastosHiveSDKTests/Pods-ElastosHiveSDKTests-frameworks.sh\"\n";
			showEnvVarsInLog = 0;
		};
		9C6BAF7A402DDFEAEAE68FFC /* [CP] Check Pods Manifest.lock */ = {
			isa = PBXShellScriptBuildPhase;
			buildActionMask = 2147483647;
			files = (
			);
			inputFileListPaths = (
			);
			inputPaths = (
				"${PODS_PODFILE_DIR_PATH}/Podfile.lock",
				"${PODS_ROOT}/Manifest.lock",
			);
			name = "[CP] Check Pods Manifest.lock";
			outputFileListPaths = (
			);
			outputPaths = (
				"$(DERIVED_FILE_DIR)/Pods-ElastosHiveSDKTests-checkManifestLockResult.txt",
			);
			runOnlyForDeploymentPostprocessing = 0;
			shellPath = /bin/sh;
			shellScript = "diff \"${PODS_PODFILE_DIR_PATH}/Podfile.lock\" \"${PODS_ROOT}/Manifest.lock\" > /dev/null\nif [ $? != 0 ] ; then\n    # print error to STDERR\n    echo \"error: The sandbox is not in sync with the Podfile.lock. Run 'pod install' or update your CocoaPods installation.\" >&2\n    exit 1\nfi\n# This output is used by Xcode 'outputs' to avoid re-running this script phase.\necho \"SUCCESS\" > \"${SCRIPT_OUTPUT_FILE_0}\"\n";
			showEnvVarsInLog = 0;
		};
/* End PBXShellScriptBuildPhase section */

/* Begin PBXSourcesBuildPhase section */
		11379425227ED9AD004A1F65 /* Sources */ = {
			isa = PBXSourcesBuildPhase;
			buildActionMask = 2147483647;
			files = (
				11474817255E156C00D158B7 /* DApp.swift in Sources */,
				1147482E255E27F200D158B7 /* DIDApp.swift in Sources */,
				111CA6DC252097CB0030D39C /* DummyAdapter.swift in Sources */,
				118F2DAD25105C3700447A0A /* FileTest.swift in Sources */,
				111CA54B252027760030D39C /* TestError.swift in Sources */,
				118F2D85250F1ABA00447A0A /* Constance.swift in Sources */,
				118F2D83250F1A7200447A0A /* ScriptTest.swift in Sources */,
				1154C309255E36D500FE1E53 /* UserFactory.swift in Sources */,
				11474832255E291D00D158B7 /* PresentationInJWT.swift in Sources */,
				11474828255E1C7100D158B7 /* Entity.swift in Sources */,
				1163D8E4256D667800F3DC98 /* PaymentTest.swift in Sources */,
				111BD89B256CE08600746A51 /* VersionTest.swift in Sources */,
				1170FB1A250507C70049E81D /* DBTest.swift in Sources */,
			);
			runOnlyForDeploymentPostprocessing = 0;
		};
		11D26F3822CA3B3300E4099A /* Sources */ = {
			isa = PBXSourcesBuildPhase;
			buildActionMask = 2147483647;
			files = (
				11ED682B22FF1078004C17D0 /* ElastosHiveSDK.swift in Sources */,
				115E82EE251A44BC004DCB1E /* ObjectId.swift in Sources */,
				111D47CF24F7905100B7462B /* CountOptions.swift in Sources */,
				1127463124FE3369007D6356 /* FileClient.swift in Sources */,
				111D47F124F7A18900B7462B /* FileInfo.swift in Sources */,
				1147720A23F678BD00C7C36F /* SwiftyJSON.swift in Sources */,
				1103756E23FF9689004216D0 /* DataResponse.swift in Sources */,
				11D26F4522CA3B4B00E4099A /* String.swift in Sources */,
				11749DA024082FB1007B8F32 /* OutputStream.swift in Sources */,
				111D47ED24F794A500B7462B /* DeleteResult.swift in Sources */,
				118F2D97250F2C3500447A0A /* DbFindQuery.swift in Sources */,
				11D26F4422CA3B4B00E4099A /* Dictionary.swift in Sources */,
				A3E13E85240E449A002569B1 /* FilesProtocol.swift in Sources */,
				111D47DB24F7908D00B7462B /* FindOptions.swift in Sources */,
				1170FB152502019C0049E81D /* Vault.swift in Sources */,
				A3E13E87240E449A002569B1 /* KeyValuesProtocol.swift in Sources */,
				118F2DA3250F332700447A0A /* QueryHasResultsCondition.swift in Sources */,
				118F2DA0250F32B100447A0A /* OrCondition.swift in Sources */,
				1170FB122501D21C0049E81D /* Result.swift in Sources */,
				118F2D8B250F264900447A0A /* AggregatedExecutable.swift in Sources */,
				1170FB062501CB3F0049E81D /* WriteConcern.swift in Sources */,
				111D47F524F7A30300B7462B /* Executable.swift in Sources */,
				1170FB092501CCD30049E81D /* ReadConcern.swift in Sources */,
				115E82EB251A44AA004DCB1E /* MaxKey.swift in Sources */,
				111D47D224F7906100B7462B /* CreateCollectionOptions.swift in Sources */,
				118F2D88250F23EB00447A0A /* AggregatedCondition.swift in Sources */,
				115E82F4251A4590004DCB1E /* Timestamp.swift in Sources */,
				1129C19524052CC500CD77F2 /* Alamofire+Synchronous.swift in Sources */,
				1170FBA22508D35B0049E81D /* Header.swift in Sources */,
				111D47E124F790C700B7462B /* InsertOptions.swift in Sources */,
				115E82F1251A4553004DCB1E /* RegularExpression.swift in Sources */,
				111D477A24ED0C1200B7462B /* VaultAuthHelper.swift in Sources */,
				111D47FB24F7A79800B7462B /* Condition.swift in Sources */,
				111D478F24F399AC00B7462B /* VaultApi.swift in Sources */,
				111D47E724F7927D00B7462B /* InsertManyResult.swift in Sources */,
				111D47E424F7910100B7462B /* UpdateOptions.swift in Sources */,
				118F2D9A250F2CF400447A0A /* DbInsertQuery.swift in Sources */,
				118F2D8E250F28BA00447A0A /* RawExecutable.swift in Sources */,
				11D26F7722CA3B8800E4099A /* HiveClient.swift in Sources */,
				A3E13E90240E45EE002569B1 /* HiveClientOptions.swift in Sources */,
				118F2D9D250F31A700447A0A /* DbUpdateQuery.swift in Sources */,
				1127462E24FE3343007D6356 /* DatabaseClient.swift in Sources */,
				11496C66251B1E37002DE4F0 /* Date.swift in Sources */,
				111D47D524F7906F00B7462B /* DeleteOptions.swift in Sources */,
				1127463424FE3386007D6356 /* ScriptClient.swift in Sources */,
				111D47EA24F7940600B7462B /* UpdateResult.swift in Sources */,
				118F2D94250F2A8600447A0A /* DbDeleteQuery.swift in Sources */,
				1103757A23FF96BF004216D0 /* Log.swift in Sources */,
				111D478C24EE810A00B7462B /* VaultURL.swift in Sources */,
				1170FB0F2501CEF70049E81D /* VaultIndex.swift in Sources */,
				115E82E8251A4495004DCB1E /* MinKey.swift in Sources */,
				111D47FE24F8B63C00B7462B /* Options.swift in Sources */,
				1103757123FF96A0004216D0 /* LogLevel.swift in Sources */,
				111D479424F4E2C300B7462B /* VaultAuthInfoStoreImpl.swift in Sources */,
				11D26F7222CA3B8800E4099A /* Authenticator.swift in Sources */,
				1103757723FF96B5004216D0 /* ConnectHelper.swift in Sources */,
				1170FB0C2501CD2F0049E81D /* ReadPreference.swift in Sources */,
				1103757D23FF96C7004216D0 /* Persistent.swift in Sources */,
				111D47CC24F7904100B7462B /* Collation.swift in Sources */,
				118F2D91250F29C400447A0A /* AndCondition.swift in Sources */,
				118F2DA6250F33AB00447A0A /* RawCondition.swift in Sources */,
				1103757423FF96AB004216D0 /* AuthToken.swift in Sources */,
			);
			runOnlyForDeploymentPostprocessing = 0;
		};
		A39C496B225399860027BDF9 /* Sources */ = {
			isa = PBXSourcesBuildPhase;
			buildActionMask = 2147483647;
			files = (
				111D47CE24F7905100B7462B /* CountOptions.swift in Sources */,
				115E82ED251A44BC004DCB1E /* ObjectId.swift in Sources */,
				1112421C2579E5CC002BFAEB /* OrderState.swift in Sources */,
				111D47F024F7A18900B7462B /* FileInfo.swift in Sources */,
				1127463024FE3369007D6356 /* FileClient.swift in Sources */,
				11E92CE92560E1D4007EFC95 /* PropertiesExecutable.swift in Sources */,
				1112421E2579E5CC002BFAEB /* Order.swift in Sources */,
				1103756D23FF9689004216D0 /* DataResponse.swift in Sources */,
				1103757323FF96AB004216D0 /* AuthToken.swift in Sources */,
				119B26C3257735FA0084B859 /* HiveError.swift in Sources */,
				111D47EC24F794A500B7462B /* DeleteResult.swift in Sources */,
				1147720923F678BD00C7C36F /* SwiftyJSON.swift in Sources */,
				111D47DA24F7908D00B7462B /* FindOptions.swift in Sources */,
				118F2D96250F2C3500447A0A /* DbFindQuery.swift in Sources */,
				111242202579E5CC002BFAEB /* PricingInfo.swift in Sources */,
				A3D9D41323C9671C003B602E /* FilesProtocol.swift in Sources */,
				A37F893D23C72B2600F6C11E /* HiveClientOptions.swift in Sources */,
				11E92CE12560D8B2007EFC95 /* FileExecutable.swift in Sources */,
				1170FB142502019C0049E81D /* Vault.swift in Sources */,
				11C9EAE5254A637500080995 /* InsertOneResult.swift in Sources */,
				111D47F424F7A30300B7462B /* Executable.swift in Sources */,
				118F2DA2250F332700447A0A /* QueryHasResultsCondition.swift in Sources */,
				111BD898256CDAA700746A51 /* Version.swift in Sources */,
				118F2D9F250F32B100447A0A /* OrCondition.swift in Sources */,
				1170FB112501D21C0049E81D /* Result.swift in Sources */,
				11E3C24E25709282000175F1 /* ScriptingProtocol.swift in Sources */,
				118F2D8A250F264900447A0A /* AggregatedExecutable.swift in Sources */,
				1170FB052501CB3F0049E81D /* WriteConcern.swift in Sources */,
				1103757923FF96BF004216D0 /* Log.swift in Sources */,
				111D47D124F7906100B7462B /* CreateCollectionOptions.swift in Sources */,
				1170FB082501CCD30049E81D /* ReadConcern.swift in Sources */,
				1103757623FF96B5004216D0 /* ConnectHelper.swift in Sources */,
				115E82EA251A44AA004DCB1E /* MaxKey.swift in Sources */,
				111D47E024F790C700B7462B /* InsertOptions.swift in Sources */,
				118F2D87250F23EB00447A0A /* AggregatedCondition.swift in Sources */,
				115E82F3251A4590004DCB1E /* Timestamp.swift in Sources */,
				1103757C23FF96C7004216D0 /* Persistent.swift in Sources */,
				1170FBA12508D35A0049E81D /* Header.swift in Sources */,
				110357E7256FA420003F639F /* FileWriter.swift in Sources */,
				11FD496D2561AC9B00A108D2 /* DownloadExecutable.swift in Sources */,
				111D477924ED0C1200B7462B /* VaultAuthHelper.swift in Sources */,
				115E82F0251A4553004DCB1E /* RegularExpression.swift in Sources */,
				11E573FF22C4C33400F85419 /* String.swift in Sources */,
				111D47FA24F7A79800B7462B /* Condition.swift in Sources */,
				111D478E24F399AC00B7462B /* VaultApi.swift in Sources */,
				110357E3256FA3CA003F639F /* FileReader.swift in Sources */,
				11E3C24D25709282000175F1 /* DatabaseProtocol.swift in Sources */,
				111D47E624F7927D00B7462B /* InsertManyResult.swift in Sources */,
				1112421F2579E5CC002BFAEB /* PaymentSettings.swift in Sources */,
				A3D9D41623C96DA1003B602E /* KeyValuesProtocol.swift in Sources */,
				118F2D99250F2CF400447A0A /* DbInsertQuery.swift in Sources */,
				118F2D8D250F28BA00447A0A /* RawExecutable.swift in Sources */,
				111242212579E5CC002BFAEB /* UsingPlan.swift in Sources */,
				11E3C251257092B9000175F1 /* PaymentProtocol.swift in Sources */,
				111D47E324F7910100B7462B /* UpdateOptions.swift in Sources */,
				114FD8402297CF7700467E38 /* Authenticator.swift in Sources */,
				11E92CE52560DFF5007EFC95 /* UploadExecutable.swift in Sources */,
				118F2D9C250F31A700447A0A /* DbUpdateQuery.swift in Sources */,
				112C4DA7256C0B4A006ECB8E /* VaultHelper.swift in Sources */,
				11E573FE22C4C33400F85419 /* Dictionary.swift in Sources */,
				11496C65251B1E37002DE4F0 /* Date.swift in Sources */,
				111BD8B1256D011400746A51 /* Payment.swift in Sources */,
				1127462D24FE3343007D6356 /* DatabaseClient.swift in Sources */,
				11ED682A22FF1078004C17D0 /* ElastosHiveSDK.swift in Sources */,
				1127463324FE3386007D6356 /* ScriptClient.swift in Sources */,
				118F2D93250F2A8600447A0A /* DbDeleteQuery.swift in Sources */,
				1112421D2579E5CC002BFAEB /* PricingPlan.swift in Sources */,
				1129C19424052CC500CD77F2 /* Alamofire+Synchronous.swift in Sources */,
				111D47D424F7906F00B7462B /* DeleteOptions.swift in Sources */,
				111D47E924F7940600B7462B /* UpdateResult.swift in Sources */,
				1170FB0E2501CEF70049E81D /* VaultIndex.swift in Sources */,
				119B26BC257630770084B859 /* DownloadCallConfig.swift in Sources */,
				115E82E7251A4495004DCB1E /* MinKey.swift in Sources */,
				111D47FD24F8B63C00B7462B /* Options.swift in Sources */,
				A3FD3C81228000EE0031413A /* HiveClient.swift in Sources */,
				119B26BF2576308F0084B859 /* GeneralCallConfig.swift in Sources */,
				111D478B24EE810A00B7462B /* VaultURL.swift in Sources */,
				11E92CED2560E228007EFC95 /* HashExecutable.swift in Sources */,
				111D479324F4E2C300B7462B /* VaultAuthInfoStoreImpl.swift in Sources */,
				1170FB0B2501CD2F0049E81D /* ReadPreference.swift in Sources */,
				1103757023FF96A0004216D0 /* LogLevel.swift in Sources */,
				11749D9F24082FB1007B8F32 /* OutputStream.swift in Sources */,
				119B26B9257630590084B859 /* UploadCallConfig.swift in Sources */,
				118F2D90250F29C400447A0A /* AndCondition.swift in Sources */,
				119B26B625762C610084B859 /* CallConfig.swift in Sources */,
				118F2DA5250F33AB00447A0A /* RawCondition.swift in Sources */,
				111D47CB24F7904100B7462B /* Collation.swift in Sources */,
			);
			runOnlyForDeploymentPostprocessing = 0;
		};
/* End PBXSourcesBuildPhase section */

/* Begin PBXTargetDependency section */
		11379430227ED9AD004A1F65 /* PBXTargetDependency */ = {
			isa = PBXTargetDependency;
			target = A39C496E225399860027BDF9 /* ElastosHiveSDK */;
			targetProxy = 1137942F227ED9AD004A1F65 /* PBXContainerItemProxy */;
		};
/* End PBXTargetDependency section */

/* Begin XCBuildConfiguration section */
		112F1F5D22E01499001706DB /* Debug */ = {
			isa = XCBuildConfiguration;
			buildSettings = {
				CODE_SIGN_STYLE = Automatic;
				DEVELOPMENT_TEAM = LFU7T9UYL5;
				PRODUCT_NAME = "$(TARGET_NAME)";
			};
			name = Debug;
		};
		112F1F5E22E01499001706DB /* Release */ = {
			isa = XCBuildConfiguration;
			buildSettings = {
				CODE_SIGN_STYLE = Automatic;
				DEVELOPMENT_TEAM = LFU7T9UYL5;
				PRODUCT_NAME = "$(TARGET_NAME)";
			};
			name = Release;
		};
		11379432227ED9AD004A1F65 /* Debug */ = {
			isa = XCBuildConfiguration;
			baseConfigurationReference = 2368C8CBAE94193EAF7DB87D /* Pods-ElastosHiveSDKTests.debug.xcconfig */;
			buildSettings = {
				"CODE_SIGN_IDENTITY[sdk=macosx*]" = "Apple Development";
				CODE_SIGN_STYLE = Automatic;
				DEVELOPMENT_TEAM = "";
				FRAMEWORK_SEARCH_PATHS = (
					"$(inherited)",
					"$(PROJECT_DIR)/ElastosHiveSDKTests",
					"$(PROJECT_DIR)/ElastosHiveSDK",
					"$(PROJECT_DIR)/TestHost",
					"$(PROJECT_DIR)/ElastosHiveSDKTests/Externals",
					"$(USER_LIBRARY_DIR)/Containers/com.tencent.xinWeChat/Data/Library/Application\\ Support/com.tencent.xinWeChat/2.0b4.0.9/ab15c83c178d4aa7e042ea165740d52e/Message/MessageTemp/e280fe5c4b9f47543146d70d69faf311/File",
					"$(USER_LIBRARY_DIR)/Containers/com.tencent.xinWeChat/Data/Library/Application\\ Support/com.tencent.xinWeChat/2.0b4.0.9/ab15c83c178d4aa7e042ea165740d52e/Message/MessageTemp/e280fe5c4b9f47543146d70d69faf311/File",
				);
				INFOPLIST_FILE = ElastosHiveSDKTests/Info.plist;
				IPHONEOS_DEPLOYMENT_TARGET = 12.2;
				LD_RUNPATH_SEARCH_PATHS = (
					"$(inherited)",
					"@executable_path/Frameworks",
					"@loader_path/Frameworks",
				);
				LIBRARY_SEARCH_PATHS = (
					"$(inherited)",
					"$(PROJECT_DIR)/ElastosHiveSDKTests/Externals/SPVWrapper/SPVWrapper/lib/-iphonesimulator",
				);
				PRODUCT_BUNDLE_IDENTIFIER = elastos.ElastosHiveSDKTests;
				PRODUCT_NAME = "$(TARGET_NAME)";
				SWIFT_VERSION = 4.2;
				TARGETED_DEVICE_FAMILY = "1,2";
			};
			name = Debug;
		};
		11379433227ED9AD004A1F65 /* Release */ = {
			isa = XCBuildConfiguration;
			baseConfigurationReference = C228C56325B65D63A60C99C8 /* Pods-ElastosHiveSDKTests.release.xcconfig */;
			buildSettings = {
				"CODE_SIGN_IDENTITY[sdk=macosx*]" = "Apple Development";
				CODE_SIGN_STYLE = Automatic;
				DEVELOPMENT_TEAM = "";
				FRAMEWORK_SEARCH_PATHS = (
					"$(inherited)",
					"$(PROJECT_DIR)/ElastosHiveSDKTests",
					"$(PROJECT_DIR)/ElastosHiveSDK",
					"$(PROJECT_DIR)/TestHost",
					"$(PROJECT_DIR)/ElastosHiveSDKTests/Externals",
					"$(USER_LIBRARY_DIR)/Containers/com.tencent.xinWeChat/Data/Library/Application\\ Support/com.tencent.xinWeChat/2.0b4.0.9/ab15c83c178d4aa7e042ea165740d52e/Message/MessageTemp/e280fe5c4b9f47543146d70d69faf311/File",
					"$(USER_LIBRARY_DIR)/Containers/com.tencent.xinWeChat/Data/Library/Application\\ Support/com.tencent.xinWeChat/2.0b4.0.9/ab15c83c178d4aa7e042ea165740d52e/Message/MessageTemp/e280fe5c4b9f47543146d70d69faf311/File",
				);
				INFOPLIST_FILE = ElastosHiveSDKTests/Info.plist;
				IPHONEOS_DEPLOYMENT_TARGET = 12.2;
				LD_RUNPATH_SEARCH_PATHS = (
					"$(inherited)",
					"@executable_path/Frameworks",
					"@loader_path/Frameworks",
				);
				LIBRARY_SEARCH_PATHS = (
					"$(inherited)",
					"$(PROJECT_DIR)/ElastosHiveSDKTests/Externals/SPVWrapper/SPVWrapper/lib/-iphonesimulator",
				);
				PRODUCT_BUNDLE_IDENTIFIER = elastos.ElastosHiveSDKTests;
				PRODUCT_NAME = "$(TARGET_NAME)";
				SWIFT_VERSION = 4.2;
				TARGETED_DEVICE_FAMILY = "1,2";
			};
			name = Release;
		};
		11D26F4222CA3B3300E4099A /* Debug */ = {
			isa = XCBuildConfiguration;
			buildSettings = {
				CODE_SIGN_IDENTITY = "Mac Developer";
				CODE_SIGN_STYLE = Automatic;
				COMBINE_HIDPI_IMAGES = YES;
				DEFINES_MODULE = YES;
				DEVELOPMENT_TEAM = "";
				DYLIB_COMPATIBILITY_VERSION = 1;
				DYLIB_CURRENT_VERSION = 1;
				DYLIB_INSTALL_NAME_BASE = "@rpath";
				FRAMEWORK_SEARCH_PATHS = (
					"$(inherited)",
					"$(PROJECT_DIR)/ElastosHiveSDK",
					"$(PROJECT_DIR)/TestHost",
				);
				FRAMEWORK_VERSION = A;
				INFOPLIST_FILE = ElastosHiveSDK_macOS/Info.plist;
				INSTALL_PATH = "$(LOCAL_LIBRARY_DIR)/Frameworks";
				LD_RUNPATH_SEARCH_PATHS = (
					"$(inherited)",
					"@executable_path/../Frameworks",
					"@loader_path/Frameworks",
				);
				MACOSX_DEPLOYMENT_TARGET = 10.10;
				PRODUCT_BUNDLE_IDENTIFIER = "elastos.ElastosHiveSDK-macOS";
				PRODUCT_NAME = "$(TARGET_NAME:c99extidentifier)";
				SDKROOT = macosx;
				SKIP_INSTALL = YES;
				SWIFT_VERSION = 5.0;
			};
			name = Debug;
		};
		11D26F4322CA3B3300E4099A /* Release */ = {
			isa = XCBuildConfiguration;
			buildSettings = {
				CODE_SIGN_IDENTITY = "Mac Developer";
				CODE_SIGN_STYLE = Automatic;
				COMBINE_HIDPI_IMAGES = YES;
				DEFINES_MODULE = YES;
				DEVELOPMENT_TEAM = "";
				DYLIB_COMPATIBILITY_VERSION = 1;
				DYLIB_CURRENT_VERSION = 1;
				DYLIB_INSTALL_NAME_BASE = "@rpath";
				FRAMEWORK_SEARCH_PATHS = (
					"$(inherited)",
					"$(PROJECT_DIR)/ElastosHiveSDK",
					"$(PROJECT_DIR)/TestHost",
				);
				FRAMEWORK_VERSION = A;
				INFOPLIST_FILE = ElastosHiveSDK_macOS/Info.plist;
				INSTALL_PATH = "$(LOCAL_LIBRARY_DIR)/Frameworks";
				LD_RUNPATH_SEARCH_PATHS = (
					"$(inherited)",
					"@executable_path/../Frameworks",
					"@loader_path/Frameworks",
				);
				MACOSX_DEPLOYMENT_TARGET = 10.10;
				PRODUCT_BUNDLE_IDENTIFIER = "elastos.ElastosHiveSDK-macOS";
				PRODUCT_NAME = "$(TARGET_NAME:c99extidentifier)";
				SDKROOT = macosx;
				SKIP_INSTALL = YES;
				SWIFT_VERSION = 5.0;
			};
			name = Release;
		};
		A39C4981225399860027BDF9 /* Debug */ = {
			isa = XCBuildConfiguration;
			buildSettings = {
				ALWAYS_SEARCH_USER_PATHS = NO;
				CLANG_ANALYZER_NONNULL = YES;
				CLANG_ANALYZER_NUMBER_OBJECT_CONVERSION = YES_AGGRESSIVE;
				CLANG_CXX_LANGUAGE_STANDARD = "gnu++14";
				CLANG_CXX_LIBRARY = "libc++";
				CLANG_ENABLE_MODULES = YES;
				CLANG_ENABLE_OBJC_ARC = YES;
				CLANG_ENABLE_OBJC_WEAK = YES;
				CLANG_WARN_BLOCK_CAPTURE_AUTORELEASING = YES;
				CLANG_WARN_BOOL_CONVERSION = YES;
				CLANG_WARN_COMMA = YES;
				CLANG_WARN_CONSTANT_CONVERSION = YES;
				CLANG_WARN_DEPRECATED_OBJC_IMPLEMENTATIONS = YES;
				CLANG_WARN_DIRECT_OBJC_ISA_USAGE = YES_ERROR;
				CLANG_WARN_DOCUMENTATION_COMMENTS = YES;
				CLANG_WARN_EMPTY_BODY = YES;
				CLANG_WARN_ENUM_CONVERSION = YES;
				CLANG_WARN_INFINITE_RECURSION = YES;
				CLANG_WARN_INT_CONVERSION = YES;
				CLANG_WARN_NON_LITERAL_NULL_CONVERSION = YES;
				CLANG_WARN_OBJC_IMPLICIT_RETAIN_SELF = YES;
				CLANG_WARN_OBJC_LITERAL_CONVERSION = YES;
				CLANG_WARN_OBJC_ROOT_CLASS = YES_ERROR;
				CLANG_WARN_RANGE_LOOP_ANALYSIS = YES;
				CLANG_WARN_STRICT_PROTOTYPES = YES;
				CLANG_WARN_SUSPICIOUS_MOVE = YES;
				CLANG_WARN_UNGUARDED_AVAILABILITY = YES_AGGRESSIVE;
				CLANG_WARN_UNREACHABLE_CODE = YES;
				CLANG_WARN__DUPLICATE_METHOD_MATCH = YES;
				CODE_SIGN_IDENTITY = "iPhone Developer";
				COPY_PHASE_STRIP = NO;
				CURRENT_PROJECT_VERSION = 1;
				DEBUG_INFORMATION_FORMAT = dwarf;
				DEPLOYMENT_POSTPROCESSING = NO;
				ENABLE_STRICT_OBJC_MSGSEND = YES;
				ENABLE_TESTABILITY = YES;
				GCC_C_LANGUAGE_STANDARD = gnu11;
				GCC_DYNAMIC_NO_PIC = NO;
				GCC_NO_COMMON_BLOCKS = YES;
				GCC_OPTIMIZATION_LEVEL = 0;
				GCC_PREPROCESSOR_DEFINITIONS = (
					"DEBUG=1",
					"$(inherited)",
				);
				GCC_WARN_64_TO_32_BIT_CONVERSION = YES;
				GCC_WARN_ABOUT_RETURN_TYPE = YES_ERROR;
				GCC_WARN_UNDECLARED_SELECTOR = YES;
				GCC_WARN_UNINITIALIZED_AUTOS = YES_AGGRESSIVE;
				GCC_WARN_UNUSED_FUNCTION = YES;
				GCC_WARN_UNUSED_VARIABLE = YES;
				IPHONEOS_DEPLOYMENT_TARGET = 9.0;
				MTL_ENABLE_DEBUG_INFO = INCLUDE_SOURCE;
				MTL_FAST_MATH = YES;
				ONLY_ACTIVE_ARCH = YES;
				OTHER_CFLAGS = "-fembed-bitcode";
				SDKROOT = iphoneos;
				SWIFT_ACTIVE_COMPILATION_CONDITIONS = DEBUG;
				SWIFT_OPTIMIZATION_LEVEL = "-Onone";
				VALID_ARCHS = "x86_64 arm64";
				VERSIONING_SYSTEM = "apple-generic";
				VERSION_INFO_PREFIX = "";
			};
			name = Debug;
		};
		A39C4982225399860027BDF9 /* Release */ = {
			isa = XCBuildConfiguration;
			buildSettings = {
				ALWAYS_SEARCH_USER_PATHS = NO;
				CLANG_ANALYZER_NONNULL = YES;
				CLANG_ANALYZER_NUMBER_OBJECT_CONVERSION = YES_AGGRESSIVE;
				CLANG_CXX_LANGUAGE_STANDARD = "gnu++14";
				CLANG_CXX_LIBRARY = "libc++";
				CLANG_ENABLE_MODULES = YES;
				CLANG_ENABLE_OBJC_ARC = YES;
				CLANG_ENABLE_OBJC_WEAK = YES;
				CLANG_WARN_BLOCK_CAPTURE_AUTORELEASING = YES;
				CLANG_WARN_BOOL_CONVERSION = YES;
				CLANG_WARN_COMMA = YES;
				CLANG_WARN_CONSTANT_CONVERSION = YES;
				CLANG_WARN_DEPRECATED_OBJC_IMPLEMENTATIONS = YES;
				CLANG_WARN_DIRECT_OBJC_ISA_USAGE = YES_ERROR;
				CLANG_WARN_DOCUMENTATION_COMMENTS = YES;
				CLANG_WARN_EMPTY_BODY = YES;
				CLANG_WARN_ENUM_CONVERSION = YES;
				CLANG_WARN_INFINITE_RECURSION = YES;
				CLANG_WARN_INT_CONVERSION = YES;
				CLANG_WARN_NON_LITERAL_NULL_CONVERSION = YES;
				CLANG_WARN_OBJC_IMPLICIT_RETAIN_SELF = YES;
				CLANG_WARN_OBJC_LITERAL_CONVERSION = YES;
				CLANG_WARN_OBJC_ROOT_CLASS = YES_ERROR;
				CLANG_WARN_RANGE_LOOP_ANALYSIS = YES;
				CLANG_WARN_STRICT_PROTOTYPES = YES;
				CLANG_WARN_SUSPICIOUS_MOVE = YES;
				CLANG_WARN_UNGUARDED_AVAILABILITY = YES_AGGRESSIVE;
				CLANG_WARN_UNREACHABLE_CODE = YES;
				CLANG_WARN__DUPLICATE_METHOD_MATCH = YES;
				CODE_SIGN_IDENTITY = "iPhone Developer";
				COPY_PHASE_STRIP = NO;
				CURRENT_PROJECT_VERSION = 1;
				DEBUG_INFORMATION_FORMAT = "dwarf-with-dsym";
				DEPLOYMENT_POSTPROCESSING = NO;
				ENABLE_NS_ASSERTIONS = NO;
				ENABLE_STRICT_OBJC_MSGSEND = YES;
				GCC_C_LANGUAGE_STANDARD = gnu11;
				GCC_NO_COMMON_BLOCKS = YES;
				GCC_WARN_64_TO_32_BIT_CONVERSION = YES;
				GCC_WARN_ABOUT_RETURN_TYPE = YES_ERROR;
				GCC_WARN_UNDECLARED_SELECTOR = YES;
				GCC_WARN_UNINITIALIZED_AUTOS = YES_AGGRESSIVE;
				GCC_WARN_UNUSED_FUNCTION = YES;
				GCC_WARN_UNUSED_VARIABLE = YES;
				IPHONEOS_DEPLOYMENT_TARGET = 9.0;
				MTL_ENABLE_DEBUG_INFO = NO;
				MTL_FAST_MATH = YES;
				OTHER_CFLAGS = "-fembed-bitcode";
				SDKROOT = iphoneos;
				SWIFT_COMPILATION_MODE = wholemodule;
				SWIFT_OPTIMIZATION_LEVEL = "-O";
				VALIDATE_PRODUCT = YES;
				VALID_ARCHS = "x86_64 arm64";
				VERSIONING_SYSTEM = "apple-generic";
				VERSION_INFO_PREFIX = "";
			};
			name = Release;
		};
		A39C4984225399860027BDF9 /* Debug */ = {
			isa = XCBuildConfiguration;
			baseConfigurationReference = 13C6D592C180032E4F31BEF6 /* Pods-ElastosHiveSDK.debug.xcconfig */;
			buildSettings = {
				CLANG_ALLOW_NON_MODULAR_INCLUDES_IN_FRAMEWORK_MODULES = NO;
				CLANG_ENABLE_MODULES = YES;
				CODE_SIGN_IDENTITY = "";
				"CODE_SIGN_IDENTITY[sdk=macosx*]" = "Apple Development";
				CODE_SIGN_STYLE = Automatic;
				CURRENT_PROJECT_VERSION = 202003291239;
				DEFINES_MODULE = YES;
				DEVELOPMENT_TEAM = "";
				DYLIB_COMPATIBILITY_VERSION = 1;
				DYLIB_CURRENT_VERSION = 1;
				DYLIB_INSTALL_NAME_BASE = "@rpath";
				FRAMEWORK_SEARCH_PATHS = (
					"$(inherited)",
					"$(PROJECT_DIR)/ElastosHiveSDK",
					"$(PROJECT_DIR)/TestHost",
					"$(PROJECT_DIR)/ElastosHiveSDKTests",
					"$(PROJECT_DIR)/ElastosHiveSDKTests/Externals",
				);
				INFOPLIST_FILE = ElastosHiveSDK/Info.plist;
				INSTALL_PATH = "$(LOCAL_LIBRARY_DIR)/Frameworks";
				IPHONEOS_DEPLOYMENT_TARGET = 11.0;
				LD_RUNPATH_SEARCH_PATHS = (
					"$(inherited)",
					"@executable_path/Frameworks",
					"@loader_path/Frameworks",
				);
				MARKETING_VERSION = 1.0.0;
				OTHER_CFLAGS = "-fembed-bitcode";
				OTHER_SWIFT_FLAGS = "$(inherited) -D COCOAPODS -Xfrontend -debug-time-function-bodies";
				PRODUCT_BUNDLE_IDENTIFIER = org.elastos.hivesdk;
				PRODUCT_NAME = "$(TARGET_NAME:c99extidentifier)";
				SKIP_INSTALL = YES;
				SWIFT_OBJC_BRIDGING_HEADER = "";
				SWIFT_OPTIMIZATION_LEVEL = "-Onone";
				SWIFT_VERSION = 4.2;
				TARGETED_DEVICE_FAMILY = "1,2";
			};
			name = Debug;
		};
		A39C4985225399860027BDF9 /* Release */ = {
			isa = XCBuildConfiguration;
			baseConfigurationReference = 6081910F0FC211291C05B08B /* Pods-ElastosHiveSDK.release.xcconfig */;
			buildSettings = {
				CLANG_ALLOW_NON_MODULAR_INCLUDES_IN_FRAMEWORK_MODULES = NO;
				CLANG_ENABLE_MODULES = YES;
				CODE_SIGN_IDENTITY = "";
				"CODE_SIGN_IDENTITY[sdk=macosx*]" = "Apple Development";
				CODE_SIGN_STYLE = Automatic;
				CURRENT_PROJECT_VERSION = 202003291239;
				DEFINES_MODULE = YES;
				DEVELOPMENT_TEAM = "";
				DYLIB_COMPATIBILITY_VERSION = 1;
				DYLIB_CURRENT_VERSION = 1;
				DYLIB_INSTALL_NAME_BASE = "@rpath";
				FRAMEWORK_SEARCH_PATHS = (
					"$(inherited)",
					"$(PROJECT_DIR)/ElastosHiveSDK",
					"$(PROJECT_DIR)/TestHost",
					"$(PROJECT_DIR)/ElastosHiveSDKTests",
					"$(PROJECT_DIR)/ElastosHiveSDKTests/Externals",
				);
				INFOPLIST_FILE = ElastosHiveSDK/Info.plist;
				INSTALL_PATH = "$(LOCAL_LIBRARY_DIR)/Frameworks";
				IPHONEOS_DEPLOYMENT_TARGET = 11.0;
				LD_RUNPATH_SEARCH_PATHS = (
					"$(inherited)",
					"@executable_path/Frameworks",
					"@loader_path/Frameworks",
				);
				MARKETING_VERSION = 1.0.0;
				OTHER_CFLAGS = "-fembed-bitcode";
				OTHER_SWIFT_FLAGS = "$(inherited) -D COCOAPODS -Xfrontend -debug-time-function-bodies";
				PRODUCT_BUNDLE_IDENTIFIER = org.elastos.hivesdk;
				PRODUCT_NAME = "$(TARGET_NAME:c99extidentifier)";
				SKIP_INSTALL = YES;
				SWIFT_OBJC_BRIDGING_HEADER = "";
				SWIFT_VERSION = 4.2;
				TARGETED_DEVICE_FAMILY = "1,2";
			};
			name = Release;
		};
/* End XCBuildConfiguration section */

/* Begin XCConfigurationList section */
		112F1F5C22E01499001706DB /* Build configuration list for PBXAggregateTarget "ElastosHiveSDKFramework" */ = {
			isa = XCConfigurationList;
			buildConfigurations = (
				112F1F5D22E01499001706DB /* Debug */,
				112F1F5E22E01499001706DB /* Release */,
			);
			defaultConfigurationIsVisible = 0;
			defaultConfigurationName = Release;
		};
		11379431227ED9AD004A1F65 /* Build configuration list for PBXNativeTarget "ElastosHiveSDKTests" */ = {
			isa = XCConfigurationList;
			buildConfigurations = (
				11379432227ED9AD004A1F65 /* Debug */,
				11379433227ED9AD004A1F65 /* Release */,
			);
			defaultConfigurationIsVisible = 0;
			defaultConfigurationName = Release;
		};
		11D26F4122CA3B3300E4099A /* Build configuration list for PBXNativeTarget "ElastosHiveSDK_macOS" */ = {
			isa = XCConfigurationList;
			buildConfigurations = (
				11D26F4222CA3B3300E4099A /* Debug */,
				11D26F4322CA3B3300E4099A /* Release */,
			);
			defaultConfigurationIsVisible = 0;
			defaultConfigurationName = Release;
		};
		A39C4969225399860027BDF9 /* Build configuration list for PBXProject "ElastosHiveSDK" */ = {
			isa = XCConfigurationList;
			buildConfigurations = (
				A39C4981225399860027BDF9 /* Debug */,
				A39C4982225399860027BDF9 /* Release */,
			);
			defaultConfigurationIsVisible = 0;
			defaultConfigurationName = Release;
		};
		A39C4983225399860027BDF9 /* Build configuration list for PBXNativeTarget "ElastosHiveSDK" */ = {
			isa = XCConfigurationList;
			buildConfigurations = (
				A39C4984225399860027BDF9 /* Debug */,
				A39C4985225399860027BDF9 /* Release */,
			);
			defaultConfigurationIsVisible = 0;
			defaultConfigurationName = Release;
		};
/* End XCConfigurationList section */
	};
	rootObject = A39C4966225399860027BDF9 /* Project object */;
}
