PODS:
  - Swifter (1.4.6)
  - Unirest (1.1.4)

DEPENDENCIES:
  - Swifter (~> 1.4.6)
  - Unirest (~> 1.1.4)

SPEC REPOS:
  https://github.com/cocoapods/specs.git:
    - Swifter
    - Unirest

SPEC CHECKSUMS:
  Swifter: 2ed278fbf7b16cbe97269eb56d8e8749b1ec4042
  Unirest: 5e4d93eaf32463bf619a4ecd3bbc8c32acf21eac

PODFILE CHECKSUM: b3771896057023a6888f12df7b0eedda73ca8115

COCOAPODS: 1.6.1
